// !$*UTF8*$!
{
	archiveVersion = 1;
	classes = {
	};
	objectVersion = 46;
	objects = {

/* Begin PBXBuildFile section */
		622C1B77A08216C037C55E43 /* libPods-LanRenWeekendApp.a in Frameworks */ = {isa = PBXBuildFile; fileRef = 72E8180B7331E625BA00AA62 /* libPods-LanRenWeekendApp.a */; };
		BC14AFD31D74781500FA0048 /* LoginView.m in Sources */ = {isa = PBXBuildFile; fileRef = BC14AFD21D74781500FA0048 /* LoginView.m */; };
		BC14AFDA1D7478B000FA0048 /* AllActivitesViewController.m in Sources */ = {isa = PBXBuildFile; fileRef = BC14AFD91D7478B000FA0048 /* AllActivitesViewController.m */; };
		BC1619A71D790B3F0024B0DC /* MainViewController.m in Sources */ = {isa = PBXBuildFile; fileRef = BC1619A61D790B3F0024B0DC /* MainViewController.m */; };
		BC3F16C81D72EC5C0002A97B /* main.m in Sources */ = {isa = PBXBuildFile; fileRef = BC3F16C71D72EC5C0002A97B /* main.m */; };
		BC3F16CB1D72EC5C0002A97B /* AppDelegate.m in Sources */ = {isa = PBXBuildFile; fileRef = BC3F16CA1D72EC5C0002A97B /* AppDelegate.m */; };
		BC3F16D11D72EC5C0002A97B /* Main.storyboard in Resources */ = {isa = PBXBuildFile; fileRef = BC3F16CF1D72EC5C0002A97B /* Main.storyboard */; };
		BC3F16D31D72EC5C0002A97B /* Assets.xcassets in Resources */ = {isa = PBXBuildFile; fileRef = BC3F16D21D72EC5C0002A97B /* Assets.xcassets */; };
		BC3F16D61D72EC5C0002A97B /* LaunchScreen.storyboard in Resources */ = {isa = PBXBuildFile; fileRef = BC3F16D41D72EC5C0002A97B /* LaunchScreen.storyboard */; };
		BC79C7F21D77094C00F4D39D /* CustomerTabBarViewController.m in Sources */ = {isa = PBXBuildFile; fileRef = BC79C7F11D77094C00F4D39D /* CustomerTabBarViewController.m */; };
		BC7B58631D9FF12B000469E3 /* HotCityDB.m in Sources */ = {isa = PBXBuildFile; fileRef = BC7B58621D9FF12B000469E3 /* HotCityDB.m */; };
		BC7B58661DA00AC1000469E3 /* HotCity.m in Sources */ = {isa = PBXBuildFile; fileRef = BC7B58651DA00AC1000469E3 /* HotCity.m */; };
		BC7B589E1DA1FA60000469E3 /* ShareSDK.framework in Frameworks */ = {isa = PBXBuildFile; fileRef = BC7B587B1DA1FA60000469E3 /* ShareSDK.framework */; };
		BC7B589F1DA1FA60000469E3 /* ShareSDKExtension.framework in Frameworks */ = {isa = PBXBuildFile; fileRef = BC7B587E1DA1FA60000469E3 /* ShareSDKExtension.framework */; };
		BC7B58A01DA1FA60000469E3 /* ShareSDKUI.bundle in Resources */ = {isa = PBXBuildFile; fileRef = BC7B587F1DA1FA60000469E3 /* ShareSDKUI.bundle */; };
		BC7B58A11DA1FA60000469E3 /* ShareSDKUI.framework in Frameworks */ = {isa = PBXBuildFile; fileRef = BC7B58801DA1FA60000469E3 /* ShareSDKUI.framework */; };
		BC7B58A21DA1FA60000469E3 /* TencentOpenAPI.framework in Frameworks */ = {isa = PBXBuildFile; fileRef = BC7B58831DA1FA60000469E3 /* TencentOpenAPI.framework */; };
		BC7B58A31DA1FA60000469E3 /* TencentOpenApi_IOS_Bundle.bundle in Resources */ = {isa = PBXBuildFile; fileRef = BC7B58841DA1FA60000469E3 /* TencentOpenApi_IOS_Bundle.bundle */; };
		BC7B58A41DA1FA60000469E3 /* libWeiboSDK.a in Frameworks */ = {isa = PBXBuildFile; fileRef = BC7B58861DA1FA60000469E3 /* libWeiboSDK.a */; };
		BC7B58A51DA1FA60000469E3 /* WeiboSDK.bundle in Resources */ = {isa = PBXBuildFile; fileRef = BC7B58901DA1FA60000469E3 /* WeiboSDK.bundle */; };
		BC7B58A61DA1FA60000469E3 /* libWeChatSDK.a in Frameworks */ = {isa = PBXBuildFile; fileRef = BC7B58941DA1FA60000469E3 /* libWeChatSDK.a */; };
		BC7B58A71DA1FA60000469E3 /* read_me.txt in Resources */ = {isa = PBXBuildFile; fileRef = BC7B58951DA1FA60000469E3 /* read_me.txt */; };
		BC7B58A81DA1FA60000469E3 /* README.txt in Resources */ = {isa = PBXBuildFile; fileRef = BC7B58961DA1FA60000469E3 /* README.txt */; };
		BC7B58A91DA1FA60000469E3 /* MOBFoundation.framework in Frameworks */ = {isa = PBXBuildFile; fileRef = BC7B589B1DA1FA60000469E3 /* MOBFoundation.framework */; };
		BC7B58AA1DA1FA60000469E3 /* ShareSDK.bundle in Resources */ = {isa = PBXBuildFile; fileRef = BC7B589C1DA1FA60000469E3 /* ShareSDK.bundle */; };
		BC7B58AB1DA1FA60000469E3 /* ShareSDKConnector.framework in Frameworks */ = {isa = PBXBuildFile; fileRef = BC7B589D1DA1FA60000469E3 /* ShareSDKConnector.framework */; };
		BC7B58AD1DA1FAAA000469E3 /* libicucore.tbd in Frameworks */ = {isa = PBXBuildFile; fileRef = BC7B58AC1DA1FAAA000469E3 /* libicucore.tbd */; };
		BC7B58AF1DA1FABB000469E3 /* libz.tbd in Frameworks */ = {isa = PBXBuildFile; fileRef = BC7B58AE1DA1FABB000469E3 /* libz.tbd */; };
		BC7B58B11DA1FAC7000469E3 /* libstdc++.tbd in Frameworks */ = {isa = PBXBuildFile; fileRef = BC7B58B01DA1FAC7000469E3 /* libstdc++.tbd */; };
		BC7B58B31DA1FAD2000469E3 /* JavaScriptCore.framework in Frameworks */ = {isa = PBXBuildFile; fileRef = BC7B58B21DA1FAD2000469E3 /* JavaScriptCore.framework */; };
		BC7B58B51DA1FADC000469E3 /* ImageIO.framework in Frameworks */ = {isa = PBXBuildFile; fileRef = BC7B58B41DA1FADC000469E3 /* ImageIO.framework */; };
		BC7B58B71DA1FAE7000469E3 /* libsqlite3.tbd in Frameworks */ = {isa = PBXBuildFile; fileRef = BC7B58B61DA1FAE7000469E3 /* libsqlite3.tbd */; };
		BC7B58B91DA1FB06000469E3 /* MessageUI.framework in Frameworks */ = {isa = PBXBuildFile; fileRef = BC7B58B81DA1FB06000469E3 /* MessageUI.framework */; };
		BC7B58BD1DA227A9000469E3 /* mountain_199.1960199005px_1200341_easyicon.net.png in Resources */ = {isa = PBXBuildFile; fileRef = BC7B58BC1DA227A9000469E3 /* mountain_199.1960199005px_1200341_easyicon.net.png */; };
		BC7B58C31DA2A42B000469E3 /* ShowDetailView.m in Sources */ = {isa = PBXBuildFile; fileRef = BC7B58C21DA2A42B000469E3 /* ShowDetailView.m */; };
		BC9F9ED11DA54DB10083B89E /* MapDetailViewController.m in Sources */ = {isa = PBXBuildFile; fileRef = BC9F9ED01DA54DB10083B89E /* MapDetailViewController.m */; };
		BCB513BE1D7AF0BF00A29769 /* UserFirstSettingViewController.m in Sources */ = {isa = PBXBuildFile; fileRef = BCB513BD1D7AF0BF00A29769 /* UserFirstSettingViewController.m */; };
		BCB513C11D7B0BE800A29769 /* UserSecondSettingViewController.m in Sources */ = {isa = PBXBuildFile; fileRef = BCB513C01D7B0BE800A29769 /* UserSecondSettingViewController.m */; };
		BCB513CA1D7B0EA200A29769 /* UINavigationItem+MyNavItem.m in Sources */ = {isa = PBXBuildFile; fileRef = BCB513C91D7B0EA200A29769 /* UINavigationItem+MyNavItem.m */; };
		BCB513CE1D7B10E400A29769 /* UserDB.m in Sources */ = {isa = PBXBuildFile; fileRef = BCB513CD1D7B10E400A29769 /* UserDB.m */; };
		BCB513D11D7B294800A29769 /* LocationDB.m in Sources */ = {isa = PBXBuildFile; fileRef = BCB513D01D7B294800A29769 /* LocationDB.m */; };
		BCB513D41D7BC36400A29769 /* UserFirstSettingView.m in Sources */ = {isa = PBXBuildFile; fileRef = BCB513D31D7BC36400A29769 /* UserFirstSettingView.m */; };
		BCB513D71D7BC37100A29769 /* UserSecondSettingVIew.m in Sources */ = {isa = PBXBuildFile; fileRef = BCB513D61D7BC37100A29769 /* UserSecondSettingVIew.m */; };
		BCB513DA1D7CFA5300A29769 /* UserSecondSettingCollectionViewCell.m in Sources */ = {isa = PBXBuildFile; fileRef = BCB513D91D7CFA5300A29769 /* UserSecondSettingCollectionViewCell.m */; };
		BCB513EF1D7DA18E00A29769 /* AllActiviteView.m in Sources */ = {isa = PBXBuildFile; fileRef = BCB513EE1D7DA18E00A29769 /* AllActiviteView.m */; };
		BCB513F21D7DA1AA00A29769 /* AllActiviteModel.m in Sources */ = {isa = PBXBuildFile; fileRef = BCB513F11D7DA1AA00A29769 /* AllActiviteModel.m */; };
		BCB513F51D7DA1E300A29769 /* AllActivitesTableViewCell.m in Sources */ = {isa = PBXBuildFile; fileRef = BCB513F41D7DA1E300A29769 /* AllActivitesTableViewCell.m */; };
		BCB513F81D7DDADF00A29769 /* AutoFitImageButton.m in Sources */ = {isa = PBXBuildFile; fileRef = BCB513F71D7DDADF00A29769 /* AutoFitImageButton.m */; };
		BCB514091D7E8B9F00A29769 /* UIImage+LoadImg.m in Sources */ = {isa = PBXBuildFile; fileRef = BCB514081D7E8B9F00A29769 /* UIImage+LoadImg.m */; };
		BCB5140C1D7EBAF600A29769 /* CityButtonLayoutImg.m in Sources */ = {isa = PBXBuildFile; fileRef = BCB5140B1D7EBAF600A29769 /* CityButtonLayoutImg.m */; };
		BCB5140F1D7F0E0700A29769 /* BodyCollectionView.m in Sources */ = {isa = PBXBuildFile; fileRef = BCB5140E1D7F0E0700A29769 /* BodyCollectionView.m */; };
		BCB514121D7F0F4E00A29769 /* BodyCollectionViewCell.m in Sources */ = {isa = PBXBuildFile; fileRef = BCB514111D7F0F4E00A29769 /* BodyCollectionViewCell.m */; };
		BCB514181D7F975400A29769 /* TalkTableView.m in Sources */ = {isa = PBXBuildFile; fileRef = BCB514171D7F975400A29769 /* TalkTableView.m */; };
		BCB5141B1D7F976800A29769 /* TalkTableViewCell.m in Sources */ = {isa = PBXBuildFile; fileRef = BCB5141A1D7F976800A29769 /* TalkTableViewCell.m */; };
		BCB5141E1D7F977C00A29769 /* TalkHeaderView.m in Sources */ = {isa = PBXBuildFile; fileRef = BCB5141D1D7F977C00A29769 /* TalkHeaderView.m */; };
		BCB514211D7F9BF900A29769 /* SearchTypeModel.m in Sources */ = {isa = PBXBuildFile; fileRef = BCB514201D7F9BF900A29769 /* SearchTypeModel.m */; };
		BCB514241D7FA15700A29769 /* TalkMessageModel.m in Sources */ = {isa = PBXBuildFile; fileRef = BCB514231D7FA15700A29769 /* TalkMessageModel.m */; };
		BCB5142C1D80189A00A29769 /* MeSettingView.m in Sources */ = {isa = PBXBuildFile; fileRef = BCB5142B1D80189A00A29769 /* MeSettingView.m */; };
		BCB5142F1D801B9400A29769 /* MeSettingCollectionViewCell.m in Sources */ = {isa = PBXBuildFile; fileRef = BCB5142E1D801B9400A29769 /* MeSettingCollectionViewCell.m */; };
		BCB514321D801D6400A29769 /* MeSettingHeaderView.m in Sources */ = {isa = PBXBuildFile; fileRef = BCB514311D801D6400A29769 /* MeSettingHeaderView.m */; };
		BCB514351D804C9D00A29769 /* SettingButton.m in Sources */ = {isa = PBXBuildFile; fileRef = BCB514341D804C9D00A29769 /* SettingButton.m */; };
		BCB514381D8059C800A29769 /* FavActivityModel.m in Sources */ = {isa = PBXBuildFile; fileRef = BCB514371D8059C800A29769 /* FavActivityModel.m */; };
		BCB5143B1D80F4BC00A29769 /* ChangeCityViewController.m in Sources */ = {isa = PBXBuildFile; fileRef = BCB5143A1D80F4BC00A29769 /* ChangeCityViewController.m */; };
		BCB5143E1D80F90700A29769 /* ChangeCityView.m in Sources */ = {isa = PBXBuildFile; fileRef = BCB5143D1D80F90700A29769 /* ChangeCityView.m */; };
		BCB514411D80F9F200A29769 /* ChangCityHeaderView.m in Sources */ = {isa = PBXBuildFile; fileRef = BCB514401D80F9F200A29769 /* ChangCityHeaderView.m */; };
		BCB514441D80FAD100A29769 /* ChangeCityTableViewCell.m in Sources */ = {isa = PBXBuildFile; fileRef = BCB514431D80FAD100A29769 /* ChangeCityTableViewCell.m */; };
		BCB514471D81009600A29769 /* CitysModel.m in Sources */ = {isa = PBXBuildFile; fileRef = BCB514461D81009600A29769 /* CitysModel.m */; };
		BCB5144A1D81125400A29769 /* SettingViewController.m in Sources */ = {isa = PBXBuildFile; fileRef = BCB514491D81125400A29769 /* SettingViewController.m */; };
		BCC2D2591D770FB300B70A1C /* Gotham-Light.otf in Resources */ = {isa = PBXBuildFile; fileRef = BCC2D2571D770FB300B70A1C /* Gotham-Light.otf */; };
		BCC2D25A1D770FB300B70A1C /* Lantinghei_0.ttf in Resources */ = {isa = PBXBuildFile; fileRef = BCC2D2581D770FB300B70A1C /* Lantinghei_0.ttf */; };
		BCC2D2771D77193200B70A1C /* SearchViewController.m in Sources */ = {isa = PBXBuildFile; fileRef = BCC2D2761D77193200B70A1C /* SearchViewController.m */; };
		BCC2D27A1D77193F00B70A1C /* HelpViewController.m in Sources */ = {isa = PBXBuildFile; fileRef = BCC2D2791D77193F00B70A1C /* HelpViewController.m */; };
		BCC2D27D1D77194A00B70A1C /* MeSettingViewController.m in Sources */ = {isa = PBXBuildFile; fileRef = BCC2D27C1D77194A00B70A1C /* MeSettingViewController.m */; };
		BCC2D2801D7733F200B70A1C /* CustomTabBar.m in Sources */ = {isa = PBXBuildFile; fileRef = BCC2D27F1D7733F200B70A1C /* CustomTabBar.m */; };
		BCC2D2871D77365700B70A1C /* UIView+MyPositionSize.m in Sources */ = {isa = PBXBuildFile; fileRef = BCC2D2861D77365700B70A1C /* UIView+MyPositionSize.m */; };
		BCC2D28A1D77368300B70A1C /* UIBarButtonItem+MyBarButtonItem.m in Sources */ = {isa = PBXBuildFile; fileRef = BCC2D2891D77368300B70A1C /* UIBarButtonItem+MyBarButtonItem.m */; };
		BCC2D28D1D773CC900B70A1C /* CustomerNavViewController.m in Sources */ = {isa = PBXBuildFile; fileRef = BCC2D28C1D773CC900B70A1C /* CustomerNavViewController.m */; };
		BCD1523A1D86D2D700932F1F /* User.m in Sources */ = {isa = PBXBuildFile; fileRef = BCD152391D86D2D700932F1F /* User.m */; };
		BCD1523D1D86E0BE00932F1F /* CityLocation.m in Sources */ = {isa = PBXBuildFile; fileRef = BCD1523C1D86E0BE00932F1F /* CityLocation.m */; };
		BCD152401D86EB6500932F1F /* FavouriteDB.m in Sources */ = {isa = PBXBuildFile; fileRef = BCD1523F1D86EB6500932F1F /* FavouriteDB.m */; };
		BCD152431D86EB8200932F1F /* Favourtie.m in Sources */ = {isa = PBXBuildFile; fileRef = BCD152421D86EB8200932F1F /* Favourtie.m */; };
		BCD152461D870D6200932F1F /* InterestingPointDB.m in Sources */ = {isa = PBXBuildFile; fileRef = BCD152451D870D6200932F1F /* InterestingPointDB.m */; };
		BCD152491D870D6F00932F1F /* Interest.m in Sources */ = {isa = PBXBuildFile; fileRef = BCD152481D870D6F00932F1F /* Interest.m */; };
		BCD1524C1D87F00400932F1F /* ShowDetailViewController.m in Sources */ = {isa = PBXBuildFile; fileRef = BCD1524B1D87F00400932F1F /* ShowDetailViewController.m */; };
		BCD152551D87F39300932F1F /* ReserveViewController.m in Sources */ = {isa = PBXBuildFile; fileRef = BCD152541D87F39300932F1F /* ReserveViewController.m */; };
		BCF6A96D1D8142220001E62D /* InterestPointViewController.m in Sources */ = {isa = PBXBuildFile; fileRef = BCF6A96C1D8142220001E62D /* InterestPointViewController.m */; };
		BCF6A9731D814DD10001E62D /* SettingDetailTableViewCell.m in Sources */ = {isa = PBXBuildFile; fileRef = BCF6A9721D814DD10001E62D /* SettingDetailTableViewCell.m */; };
		BCF6A9A71D82E7A30001E62D /* DetailActivtyViewController.m in Sources */ = {isa = PBXBuildFile; fileRef = BCF6A9A61D82E7A30001E62D /* DetailActivtyViewController.m */; };
		BCF6A9AA1D82E7B80001E62D /* DetailActivtyView.m in Sources */ = {isa = PBXBuildFile; fileRef = BCF6A9A91D82E7B80001E62D /* DetailActivtyView.m */; };
		BCF6A9DF1D83DAEC0001E62D /* Booking_policy.m in Sources */ = {isa = PBXBuildFile; fileRef = BCF6A9DE1D83DAEC0001E62D /* Booking_policy.m */; };
		BCF6A9E21D83E26A0001E62D /* DetailCellTableViewCell.m in Sources */ = {isa = PBXBuildFile; fileRef = BCF6A9E11D83E26A0001E62D /* DetailCellTableViewCell.m */; };
		BCF6A9E51D83E3650001E62D /* HeaderView.m in Sources */ = {isa = PBXBuildFile; fileRef = BCF6A9E41D83E3650001E62D /* HeaderView.m */; };
		BCF6A9E81D8505C30001E62D /* LocationButton.m in Sources */ = {isa = PBXBuildFile; fileRef = BCF6A9E71D8505C30001E62D /* LocationButton.m */; };
/* End PBXBuildFile section */

/* Begin PBXFileReference section */
		3669FE5B0045E6C7B01B9490 /* Pods-LanRenWeekendApp.release.xcconfig */ = {isa = PBXFileReference; includeInIndex = 1; lastKnownFileType = text.xcconfig; name = "Pods-LanRenWeekendApp.release.xcconfig"; path = "Pods/Target Support Files/Pods-LanRenWeekendApp/Pods-LanRenWeekendApp.release.xcconfig"; sourceTree = "<group>"; };
		61352DDE434E39175B940C68 /* Pods-LanRenWeekendApp.debug.xcconfig */ = {isa = PBXFileReference; includeInIndex = 1; lastKnownFileType = text.xcconfig; name = "Pods-LanRenWeekendApp.debug.xcconfig"; path = "Pods/Target Support Files/Pods-LanRenWeekendApp/Pods-LanRenWeekendApp.debug.xcconfig"; sourceTree = "<group>"; };
		72E8180B7331E625BA00AA62 /* libPods-LanRenWeekendApp.a */ = {isa = PBXFileReference; explicitFileType = archive.ar; includeInIndex = 0; path = "libPods-LanRenWeekendApp.a"; sourceTree = BUILT_PRODUCTS_DIR; };
		BC14AFD11D74781500FA0048 /* LoginView.h */ = {isa = PBXFileReference; fileEncoding = 4; lastKnownFileType = sourcecode.c.h; path = LoginView.h; sourceTree = "<group>"; };
		BC14AFD21D74781500FA0048 /* LoginView.m */ = {isa = PBXFileReference; fileEncoding = 4; lastKnownFileType = sourcecode.c.objc; path = LoginView.m; sourceTree = "<group>"; };
		BC14AFD81D7478B000FA0048 /* AllActivitesViewController.h */ = {isa = PBXFileReference; fileEncoding = 4; lastKnownFileType = sourcecode.c.h; path = AllActivitesViewController.h; sourceTree = "<group>"; };
		BC14AFD91D7478B000FA0048 /* AllActivitesViewController.m */ = {isa = PBXFileReference; fileEncoding = 4; lastKnownFileType = sourcecode.c.objc; path = AllActivitesViewController.m; sourceTree = "<group>"; };
		BC1619A51D790B3F0024B0DC /* MainViewController.h */ = {isa = PBXFileReference; fileEncoding = 4; lastKnownFileType = sourcecode.c.h; path = MainViewController.h; sourceTree = "<group>"; };
		BC1619A61D790B3F0024B0DC /* MainViewController.m */ = {isa = PBXFileReference; fileEncoding = 4; lastKnownFileType = sourcecode.c.objc; path = MainViewController.m; sourceTree = "<group>"; };
		BC3F16C31D72EC5C0002A97B /* LanRenWeekendApp.app */ = {isa = PBXFileReference; explicitFileType = wrapper.application; includeInIndex = 0; path = LanRenWeekendApp.app; sourceTree = BUILT_PRODUCTS_DIR; };
		BC3F16C71D72EC5C0002A97B /* main.m */ = {isa = PBXFileReference; lastKnownFileType = sourcecode.c.objc; path = main.m; sourceTree = "<group>"; };
		BC3F16C91D72EC5C0002A97B /* AppDelegate.h */ = {isa = PBXFileReference; lastKnownFileType = sourcecode.c.h; path = AppDelegate.h; sourceTree = "<group>"; };
		BC3F16CA1D72EC5C0002A97B /* AppDelegate.m */ = {isa = PBXFileReference; lastKnownFileType = sourcecode.c.objc; path = AppDelegate.m; sourceTree = "<group>"; };
		BC3F16D01D72EC5C0002A97B /* Base */ = {isa = PBXFileReference; lastKnownFileType = file.storyboard; name = Base; path = Base.lproj/Main.storyboard; sourceTree = "<group>"; };
		BC3F16D21D72EC5C0002A97B /* Assets.xcassets */ = {isa = PBXFileReference; lastKnownFileType = folder.assetcatalog; path = Assets.xcassets; sourceTree = "<group>"; };
		BC3F16D51D72EC5C0002A97B /* Base */ = {isa = PBXFileReference; lastKnownFileType = file.storyboard; name = Base; path = Base.lproj/LaunchScreen.storyboard; sourceTree = "<group>"; };
		BC3F16D71D72EC5C0002A97B /* Info.plist */ = {isa = PBXFileReference; lastKnownFileType = text.plist.xml; path = Info.plist; sourceTree = "<group>"; };
		BC79C7F01D77094C00F4D39D /* CustomerTabBarViewController.h */ = {isa = PBXFileReference; fileEncoding = 4; lastKnownFileType = sourcecode.c.h; path = CustomerTabBarViewController.h; sourceTree = "<group>"; };
		BC79C7F11D77094C00F4D39D /* CustomerTabBarViewController.m */ = {isa = PBXFileReference; fileEncoding = 4; lastKnownFileType = sourcecode.c.objc; path = CustomerTabBarViewController.m; sourceTree = "<group>"; };
		BC7B58611D9FF12B000469E3 /* HotCityDB.h */ = {isa = PBXFileReference; fileEncoding = 4; lastKnownFileType = sourcecode.c.h; path = HotCityDB.h; sourceTree = "<group>"; };
		BC7B58621D9FF12B000469E3 /* HotCityDB.m */ = {isa = PBXFileReference; fileEncoding = 4; lastKnownFileType = sourcecode.c.objc; path = HotCityDB.m; sourceTree = "<group>"; };
		BC7B58641DA00AC1000469E3 /* HotCity.h */ = {isa = PBXFileReference; fileEncoding = 4; lastKnownFileType = sourcecode.c.h; path = HotCity.h; sourceTree = "<group>"; };
		BC7B58651DA00AC1000469E3 /* HotCity.m */ = {isa = PBXFileReference; fileEncoding = 4; lastKnownFileType = sourcecode.c.objc; path = HotCity.m; sourceTree = "<group>"; };
		BC7B587B1DA1FA60000469E3 /* ShareSDK.framework */ = {isa = PBXFileReference; lastKnownFileType = wrapper.framework; path = ShareSDK.framework; sourceTree = "<group>"; };
		BC7B587E1DA1FA60000469E3 /* ShareSDKExtension.framework */ = {isa = PBXFileReference; lastKnownFileType = wrapper.framework; path = ShareSDKExtension.framework; sourceTree = "<group>"; };
		BC7B587F1DA1FA60000469E3 /* ShareSDKUI.bundle */ = {isa = PBXFileReference; lastKnownFileType = "wrapper.plug-in"; path = ShareSDKUI.bundle; sourceTree = "<group>"; };
		BC7B58801DA1FA60000469E3 /* ShareSDKUI.framework */ = {isa = PBXFileReference; lastKnownFileType = wrapper.framework; path = ShareSDKUI.framework; sourceTree = "<group>"; };
		BC7B58831DA1FA60000469E3 /* TencentOpenAPI.framework */ = {isa = PBXFileReference; lastKnownFileType = wrapper.framework; path = TencentOpenAPI.framework; sourceTree = "<group>"; };
		BC7B58841DA1FA60000469E3 /* TencentOpenApi_IOS_Bundle.bundle */ = {isa = PBXFileReference; lastKnownFileType = "wrapper.plug-in"; path = TencentOpenApi_IOS_Bundle.bundle; sourceTree = "<group>"; };
		BC7B58861DA1FA60000469E3 /* libWeiboSDK.a */ = {isa = PBXFileReference; lastKnownFileType = archive.ar; path = libWeiboSDK.a; sourceTree = "<group>"; };
		BC7B58871DA1FA60000469E3 /* WBHttpRequest+WeiboGame.h */ = {isa = PBXFileReference; fileEncoding = 4; lastKnownFileType = sourcecode.c.h; path = "WBHttpRequest+WeiboGame.h"; sourceTree = "<group>"; };
		BC7B58881DA1FA60000469E3 /* WBHttpRequest+WeiboShare.h */ = {isa = PBXFileReference; fileEncoding = 4; lastKnownFileType = sourcecode.c.h; path = "WBHttpRequest+WeiboShare.h"; sourceTree = "<group>"; };
		BC7B58891DA1FA60000469E3 /* WBHttpRequest+WeiboToken.h */ = {isa = PBXFileReference; fileEncoding = 4; lastKnownFileType = sourcecode.c.h; path = "WBHttpRequest+WeiboToken.h"; sourceTree = "<group>"; };
		BC7B588A1DA1FA60000469E3 /* WBHttpRequest+WeiboUser.h */ = {isa = PBXFileReference; fileEncoding = 4; lastKnownFileType = sourcecode.c.h; path = "WBHttpRequest+WeiboUser.h"; sourceTree = "<group>"; };
		BC7B588B1DA1FA60000469E3 /* WBHttpRequest.h */ = {isa = PBXFileReference; fileEncoding = 4; lastKnownFileType = sourcecode.c.h; path = WBHttpRequest.h; sourceTree = "<group>"; };
		BC7B588C1DA1FA60000469E3 /* WBSDKBasicButton.h */ = {isa = PBXFileReference; fileEncoding = 4; lastKnownFileType = sourcecode.c.h; path = WBSDKBasicButton.h; sourceTree = "<group>"; };
		BC7B588D1DA1FA60000469E3 /* WBSDKCommentButton.h */ = {isa = PBXFileReference; fileEncoding = 4; lastKnownFileType = sourcecode.c.h; path = WBSDKCommentButton.h; sourceTree = "<group>"; };
		BC7B588E1DA1FA60000469E3 /* WBSDKRelationshipButton.h */ = {isa = PBXFileReference; fileEncoding = 4; lastKnownFileType = sourcecode.c.h; path = WBSDKRelationshipButton.h; sourceTree = "<group>"; };
		BC7B588F1DA1FA60000469E3 /* WeiboSDK+Statistics.h */ = {isa = PBXFileReference; fileEncoding = 4; lastKnownFileType = sourcecode.c.h; path = "WeiboSDK+Statistics.h"; sourceTree = "<group>"; };
		BC7B58901DA1FA60000469E3 /* WeiboSDK.bundle */ = {isa = PBXFileReference; lastKnownFileType = "wrapper.plug-in"; path = WeiboSDK.bundle; sourceTree = "<group>"; };
		BC7B58911DA1FA60000469E3 /* WeiboSDK.h */ = {isa = PBXFileReference; fileEncoding = 4; lastKnownFileType = sourcecode.c.h; path = WeiboSDK.h; sourceTree = "<group>"; };
		BC7B58921DA1FA60000469E3 /* WeiboUser.h */ = {isa = PBXFileReference; fileEncoding = 4; lastKnownFileType = sourcecode.c.h; path = WeiboUser.h; sourceTree = "<group>"; };
		BC7B58941DA1FA60000469E3 /* libWeChatSDK.a */ = {isa = PBXFileReference; lastKnownFileType = archive.ar; path = libWeChatSDK.a; sourceTree = "<group>"; };
		BC7B58951DA1FA60000469E3 /* read_me.txt */ = {isa = PBXFileReference; fileEncoding = 4; lastKnownFileType = text; path = read_me.txt; sourceTree = "<group>"; };
		BC7B58961DA1FA60000469E3 /* README.txt */ = {isa = PBXFileReference; fileEncoding = 4; lastKnownFileType = text; path = README.txt; sourceTree = "<group>"; };
		BC7B58971DA1FA60000469E3 /* WechatAuthSDK.h */ = {isa = PBXFileReference; fileEncoding = 4; lastKnownFileType = sourcecode.c.h; path = WechatAuthSDK.h; sourceTree = "<group>"; };
		BC7B58981DA1FA60000469E3 /* WXApi.h */ = {isa = PBXFileReference; fileEncoding = 4; lastKnownFileType = sourcecode.c.h; path = WXApi.h; sourceTree = "<group>"; };
		BC7B58991DA1FA60000469E3 /* WXApiObject.h */ = {isa = PBXFileReference; fileEncoding = 4; lastKnownFileType = sourcecode.c.h; path = WXApiObject.h; sourceTree = "<group>"; };
		BC7B589B1DA1FA60000469E3 /* MOBFoundation.framework */ = {isa = PBXFileReference; lastKnownFileType = wrapper.framework; path = MOBFoundation.framework; sourceTree = "<group>"; };
		BC7B589C1DA1FA60000469E3 /* ShareSDK.bundle */ = {isa = PBXFileReference; lastKnownFileType = "wrapper.plug-in"; path = ShareSDK.bundle; sourceTree = "<group>"; };
		BC7B589D1DA1FA60000469E3 /* ShareSDKConnector.framework */ = {isa = PBXFileReference; lastKnownFileType = wrapper.framework; path = ShareSDKConnector.framework; sourceTree = "<group>"; };
		BC7B58AC1DA1FAAA000469E3 /* libicucore.tbd */ = {isa = PBXFileReference; lastKnownFileType = "sourcecode.text-based-dylib-definition"; name = libicucore.tbd; path = usr/lib/libicucore.tbd; sourceTree = SDKROOT; };
		BC7B58AE1DA1FABB000469E3 /* libz.tbd */ = {isa = PBXFileReference; lastKnownFileType = "sourcecode.text-based-dylib-definition"; name = libz.tbd; path = usr/lib/libz.tbd; sourceTree = SDKROOT; };
		BC7B58B01DA1FAC7000469E3 /* libstdc++.tbd */ = {isa = PBXFileReference; lastKnownFileType = "sourcecode.text-based-dylib-definition"; name = "libstdc++.tbd"; path = "usr/lib/libstdc++.tbd"; sourceTree = SDKROOT; };
		BC7B58B21DA1FAD2000469E3 /* JavaScriptCore.framework */ = {isa = PBXFileReference; lastKnownFileType = wrapper.framework; name = JavaScriptCore.framework; path = System/Library/Frameworks/JavaScriptCore.framework; sourceTree = SDKROOT; };
		BC7B58B41DA1FADC000469E3 /* ImageIO.framework */ = {isa = PBXFileReference; lastKnownFileType = wrapper.framework; name = ImageIO.framework; path = System/Library/Frameworks/ImageIO.framework; sourceTree = SDKROOT; };
		BC7B58B61DA1FAE7000469E3 /* libsqlite3.tbd */ = {isa = PBXFileReference; lastKnownFileType = "sourcecode.text-based-dylib-definition"; name = libsqlite3.tbd; path = usr/lib/libsqlite3.tbd; sourceTree = SDKROOT; };
		BC7B58B81DA1FB06000469E3 /* MessageUI.framework */ = {isa = PBXFileReference; lastKnownFileType = wrapper.framework; name = MessageUI.framework; path = System/Library/Frameworks/MessageUI.framework; sourceTree = SDKROOT; };
		BC7B58BC1DA227A9000469E3 /* mountain_199.1960199005px_1200341_easyicon.net.png */ = {isa = PBXFileReference; lastKnownFileType = image.png; path = mountain_199.1960199005px_1200341_easyicon.net.png; sourceTree = "<group>"; };
		BC7B58C11DA2A42B000469E3 /* ShowDetailView.h */ = {isa = PBXFileReference; fileEncoding = 4; lastKnownFileType = sourcecode.c.h; path = ShowDetailView.h; sourceTree = "<group>"; };
		BC7B58C21DA2A42B000469E3 /* ShowDetailView.m */ = {isa = PBXFileReference; fileEncoding = 4; lastKnownFileType = sourcecode.c.objc; path = ShowDetailView.m; sourceTree = "<group>"; };
		BC9F9ECF1DA54DB10083B89E /* MapDetailViewController.h */ = {isa = PBXFileReference; fileEncoding = 4; lastKnownFileType = sourcecode.c.h; path = MapDetailViewController.h; sourceTree = "<group>"; };
		BC9F9ED01DA54DB10083B89E /* MapDetailViewController.m */ = {isa = PBXFileReference; fileEncoding = 4; lastKnownFileType = sourcecode.c.objc; path = MapDetailViewController.m; sourceTree = "<group>"; };
		BCB513BC1D7AF0BF00A29769 /* UserFirstSettingViewController.h */ = {isa = PBXFileReference; fileEncoding = 4; lastKnownFileType = sourcecode.c.h; path = UserFirstSettingViewController.h; sourceTree = "<group>"; };
		BCB513BD1D7AF0BF00A29769 /* UserFirstSettingViewController.m */ = {isa = PBXFileReference; fileEncoding = 4; lastKnownFileType = sourcecode.c.objc; path = UserFirstSettingViewController.m; sourceTree = "<group>"; };
		BCB513BF1D7B0BE800A29769 /* UserSecondSettingViewController.h */ = {isa = PBXFileReference; fileEncoding = 4; lastKnownFileType = sourcecode.c.h; path = UserSecondSettingViewController.h; sourceTree = "<group>"; };
		BCB513C01D7B0BE800A29769 /* UserSecondSettingViewController.m */ = {isa = PBXFileReference; fileEncoding = 4; lastKnownFileType = sourcecode.c.objc; path = UserSecondSettingViewController.m; sourceTree = "<group>"; };
		BCB513C81D7B0EA200A29769 /* UINavigationItem+MyNavItem.h */ = {isa = PBXFileReference; fileEncoding = 4; lastKnownFileType = sourcecode.c.h; path = "UINavigationItem+MyNavItem.h"; sourceTree = "<group>"; };
		BCB513C91D7B0EA200A29769 /* UINavigationItem+MyNavItem.m */ = {isa = PBXFileReference; fileEncoding = 4; lastKnownFileType = sourcecode.c.objc; path = "UINavigationItem+MyNavItem.m"; sourceTree = "<group>"; };
		BCB513CC1D7B10E400A29769 /* UserDB.h */ = {isa = PBXFileReference; fileEncoding = 4; lastKnownFileType = sourcecode.c.h; path = UserDB.h; sourceTree = "<group>"; };
		BCB513CD1D7B10E400A29769 /* UserDB.m */ = {isa = PBXFileReference; fileEncoding = 4; lastKnownFileType = sourcecode.c.objc; path = UserDB.m; sourceTree = "<group>"; };
		BCB513CF1D7B294800A29769 /* LocationDB.h */ = {isa = PBXFileReference; fileEncoding = 4; lastKnownFileType = sourcecode.c.h; path = LocationDB.h; sourceTree = "<group>"; };
		BCB513D01D7B294800A29769 /* LocationDB.m */ = {isa = PBXFileReference; fileEncoding = 4; lastKnownFileType = sourcecode.c.objc; path = LocationDB.m; sourceTree = "<group>"; };
		BCB513D21D7BC36400A29769 /* UserFirstSettingView.h */ = {isa = PBXFileReference; fileEncoding = 4; lastKnownFileType = sourcecode.c.h; path = UserFirstSettingView.h; sourceTree = "<group>"; };
		BCB513D31D7BC36400A29769 /* UserFirstSettingView.m */ = {isa = PBXFileReference; fileEncoding = 4; lastKnownFileType = sourcecode.c.objc; path = UserFirstSettingView.m; sourceTree = "<group>"; };
		BCB513D51D7BC37100A29769 /* UserSecondSettingVIew.h */ = {isa = PBXFileReference; fileEncoding = 4; lastKnownFileType = sourcecode.c.h; path = UserSecondSettingVIew.h; sourceTree = "<group>"; };
		BCB513D61D7BC37100A29769 /* UserSecondSettingVIew.m */ = {isa = PBXFileReference; fileEncoding = 4; lastKnownFileType = sourcecode.c.objc; path = UserSecondSettingVIew.m; sourceTree = "<group>"; };
		BCB513D81D7CFA5300A29769 /* UserSecondSettingCollectionViewCell.h */ = {isa = PBXFileReference; fileEncoding = 4; lastKnownFileType = sourcecode.c.h; path = UserSecondSettingCollectionViewCell.h; sourceTree = "<group>"; };
		BCB513D91D7CFA5300A29769 /* UserSecondSettingCollectionViewCell.m */ = {isa = PBXFileReference; fileEncoding = 4; lastKnownFileType = sourcecode.c.objc; path = UserSecondSettingCollectionViewCell.m; sourceTree = "<group>"; };
		BCB513ED1D7DA18E00A29769 /* AllActiviteView.h */ = {isa = PBXFileReference; fileEncoding = 4; lastKnownFileType = sourcecode.c.h; path = AllActiviteView.h; sourceTree = "<group>"; };
		BCB513EE1D7DA18E00A29769 /* AllActiviteView.m */ = {isa = PBXFileReference; fileEncoding = 4; lastKnownFileType = sourcecode.c.objc; path = AllActiviteView.m; sourceTree = "<group>"; };
		BCB513F01D7DA1AA00A29769 /* AllActiviteModel.h */ = {isa = PBXFileReference; fileEncoding = 4; lastKnownFileType = sourcecode.c.h; path = AllActiviteModel.h; sourceTree = "<group>"; };
		BCB513F11D7DA1AA00A29769 /* AllActiviteModel.m */ = {isa = PBXFileReference; fileEncoding = 4; lastKnownFileType = sourcecode.c.objc; path = AllActiviteModel.m; sourceTree = "<group>"; };
		BCB513F31D7DA1E300A29769 /* AllActivitesTableViewCell.h */ = {isa = PBXFileReference; fileEncoding = 4; lastKnownFileType = sourcecode.c.h; path = AllActivitesTableViewCell.h; sourceTree = "<group>"; };
		BCB513F41D7DA1E300A29769 /* AllActivitesTableViewCell.m */ = {isa = PBXFileReference; fileEncoding = 4; lastKnownFileType = sourcecode.c.objc; path = AllActivitesTableViewCell.m; sourceTree = "<group>"; };
		BCB513F61D7DDADF00A29769 /* AutoFitImageButton.h */ = {isa = PBXFileReference; fileEncoding = 4; lastKnownFileType = sourcecode.c.h; path = AutoFitImageButton.h; sourceTree = "<group>"; };
		BCB513F71D7DDADF00A29769 /* AutoFitImageButton.m */ = {isa = PBXFileReference; fileEncoding = 4; lastKnownFileType = sourcecode.c.objc; path = AutoFitImageButton.m; sourceTree = "<group>"; };
		BCB514071D7E8B9F00A29769 /* UIImage+LoadImg.h */ = {isa = PBXFileReference; fileEncoding = 4; lastKnownFileType = sourcecode.c.h; path = "UIImage+LoadImg.h"; sourceTree = "<group>"; };
		BCB514081D7E8B9F00A29769 /* UIImage+LoadImg.m */ = {isa = PBXFileReference; fileEncoding = 4; lastKnownFileType = sourcecode.c.objc; path = "UIImage+LoadImg.m"; sourceTree = "<group>"; };
		BCB5140A1D7EBAF600A29769 /* CityButtonLayoutImg.h */ = {isa = PBXFileReference; fileEncoding = 4; lastKnownFileType = sourcecode.c.h; path = CityButtonLayoutImg.h; sourceTree = "<group>"; };
		BCB5140B1D7EBAF600A29769 /* CityButtonLayoutImg.m */ = {isa = PBXFileReference; fileEncoding = 4; lastKnownFileType = sourcecode.c.objc; path = CityButtonLayoutImg.m; sourceTree = "<group>"; };
		BCB5140D1D7F0E0700A29769 /* BodyCollectionView.h */ = {isa = PBXFileReference; fileEncoding = 4; lastKnownFileType = sourcecode.c.h; path = BodyCollectionView.h; sourceTree = "<group>"; };
		BCB5140E1D7F0E0700A29769 /* BodyCollectionView.m */ = {isa = PBXFileReference; fileEncoding = 4; lastKnownFileType = sourcecode.c.objc; path = BodyCollectionView.m; sourceTree = "<group>"; };
		BCB514101D7F0F4E00A29769 /* BodyCollectionViewCell.h */ = {isa = PBXFileReference; fileEncoding = 4; lastKnownFileType = sourcecode.c.h; path = BodyCollectionViewCell.h; sourceTree = "<group>"; };
		BCB514111D7F0F4E00A29769 /* BodyCollectionViewCell.m */ = {isa = PBXFileReference; fileEncoding = 4; lastKnownFileType = sourcecode.c.objc; path = BodyCollectionViewCell.m; sourceTree = "<group>"; };
		BCB514161D7F975400A29769 /* TalkTableView.h */ = {isa = PBXFileReference; fileEncoding = 4; lastKnownFileType = sourcecode.c.h; path = TalkTableView.h; sourceTree = "<group>"; };
		BCB514171D7F975400A29769 /* TalkTableView.m */ = {isa = PBXFileReference; fileEncoding = 4; lastKnownFileType = sourcecode.c.objc; path = TalkTableView.m; sourceTree = "<group>"; };
		BCB514191D7F976800A29769 /* TalkTableViewCell.h */ = {isa = PBXFileReference; fileEncoding = 4; lastKnownFileType = sourcecode.c.h; path = TalkTableViewCell.h; sourceTree = "<group>"; };
		BCB5141A1D7F976800A29769 /* TalkTableViewCell.m */ = {isa = PBXFileReference; fileEncoding = 4; lastKnownFileType = sourcecode.c.objc; path = TalkTableViewCell.m; sourceTree = "<group>"; };
		BCB5141C1D7F977C00A29769 /* TalkHeaderView.h */ = {isa = PBXFileReference; fileEncoding = 4; lastKnownFileType = sourcecode.c.h; path = TalkHeaderView.h; sourceTree = "<group>"; };
		BCB5141D1D7F977C00A29769 /* TalkHeaderView.m */ = {isa = PBXFileReference; fileEncoding = 4; lastKnownFileType = sourcecode.c.objc; path = TalkHeaderView.m; sourceTree = "<group>"; };
		BCB5141F1D7F9BF900A29769 /* SearchTypeModel.h */ = {isa = PBXFileReference; fileEncoding = 4; lastKnownFileType = sourcecode.c.h; path = SearchTypeModel.h; sourceTree = "<group>"; };
		BCB514201D7F9BF900A29769 /* SearchTypeModel.m */ = {isa = PBXFileReference; fileEncoding = 4; lastKnownFileType = sourcecode.c.objc; path = SearchTypeModel.m; sourceTree = "<group>"; };
		BCB514221D7FA15700A29769 /* TalkMessageModel.h */ = {isa = PBXFileReference; fileEncoding = 4; lastKnownFileType = sourcecode.c.h; path = TalkMessageModel.h; sourceTree = "<group>"; };
		BCB514231D7FA15700A29769 /* TalkMessageModel.m */ = {isa = PBXFileReference; fileEncoding = 4; lastKnownFileType = sourcecode.c.objc; path = TalkMessageModel.m; sourceTree = "<group>"; };
		BCB5142A1D80189A00A29769 /* MeSettingView.h */ = {isa = PBXFileReference; fileEncoding = 4; lastKnownFileType = sourcecode.c.h; path = MeSettingView.h; sourceTree = "<group>"; };
		BCB5142B1D80189A00A29769 /* MeSettingView.m */ = {isa = PBXFileReference; fileEncoding = 4; lastKnownFileType = sourcecode.c.objc; path = MeSettingView.m; sourceTree = "<group>"; };
		BCB5142D1D801B9400A29769 /* MeSettingCollectionViewCell.h */ = {isa = PBXFileReference; fileEncoding = 4; lastKnownFileType = sourcecode.c.h; path = MeSettingCollectionViewCell.h; sourceTree = "<group>"; };
		BCB5142E1D801B9400A29769 /* MeSettingCollectionViewCell.m */ = {isa = PBXFileReference; fileEncoding = 4; lastKnownFileType = sourcecode.c.objc; path = MeSettingCollectionViewCell.m; sourceTree = "<group>"; };
		BCB514301D801D6400A29769 /* MeSettingHeaderView.h */ = {isa = PBXFileReference; fileEncoding = 4; lastKnownFileType = sourcecode.c.h; path = MeSettingHeaderView.h; sourceTree = "<group>"; };
		BCB514311D801D6400A29769 /* MeSettingHeaderView.m */ = {isa = PBXFileReference; fileEncoding = 4; lastKnownFileType = sourcecode.c.objc; path = MeSettingHeaderView.m; sourceTree = "<group>"; };
		BCB514331D804C9D00A29769 /* SettingButton.h */ = {isa = PBXFileReference; fileEncoding = 4; lastKnownFileType = sourcecode.c.h; path = SettingButton.h; sourceTree = "<group>"; };
		BCB514341D804C9D00A29769 /* SettingButton.m */ = {isa = PBXFileReference; fileEncoding = 4; lastKnownFileType = sourcecode.c.objc; path = SettingButton.m; sourceTree = "<group>"; };
		BCB514361D8059C800A29769 /* FavActivityModel.h */ = {isa = PBXFileReference; fileEncoding = 4; lastKnownFileType = sourcecode.c.h; path = FavActivityModel.h; sourceTree = "<group>"; };
		BCB514371D8059C800A29769 /* FavActivityModel.m */ = {isa = PBXFileReference; fileEncoding = 4; lastKnownFileType = sourcecode.c.objc; path = FavActivityModel.m; sourceTree = "<group>"; };
		BCB514391D80F4BC00A29769 /* ChangeCityViewController.h */ = {isa = PBXFileReference; fileEncoding = 4; lastKnownFileType = sourcecode.c.h; path = ChangeCityViewController.h; sourceTree = "<group>"; };
		BCB5143A1D80F4BC00A29769 /* ChangeCityViewController.m */ = {isa = PBXFileReference; fileEncoding = 4; lastKnownFileType = sourcecode.c.objc; path = ChangeCityViewController.m; sourceTree = "<group>"; };
		BCB5143C1D80F90700A29769 /* ChangeCityView.h */ = {isa = PBXFileReference; fileEncoding = 4; lastKnownFileType = sourcecode.c.h; path = ChangeCityView.h; sourceTree = "<group>"; };
		BCB5143D1D80F90700A29769 /* ChangeCityView.m */ = {isa = PBXFileReference; fileEncoding = 4; lastKnownFileType = sourcecode.c.objc; path = ChangeCityView.m; sourceTree = "<group>"; };
		BCB5143F1D80F9F200A29769 /* ChangCityHeaderView.h */ = {isa = PBXFileReference; fileEncoding = 4; lastKnownFileType = sourcecode.c.h; path = ChangCityHeaderView.h; sourceTree = "<group>"; };
		BCB514401D80F9F200A29769 /* ChangCityHeaderView.m */ = {isa = PBXFileReference; fileEncoding = 4; lastKnownFileType = sourcecode.c.objc; path = ChangCityHeaderView.m; sourceTree = "<group>"; };
		BCB514421D80FAD100A29769 /* ChangeCityTableViewCell.h */ = {isa = PBXFileReference; fileEncoding = 4; lastKnownFileType = sourcecode.c.h; path = ChangeCityTableViewCell.h; sourceTree = "<group>"; };
		BCB514431D80FAD100A29769 /* ChangeCityTableViewCell.m */ = {isa = PBXFileReference; fileEncoding = 4; lastKnownFileType = sourcecode.c.objc; path = ChangeCityTableViewCell.m; sourceTree = "<group>"; };
		BCB514451D81009600A29769 /* CitysModel.h */ = {isa = PBXFileReference; fileEncoding = 4; lastKnownFileType = sourcecode.c.h; path = CitysModel.h; sourceTree = "<group>"; };
		BCB514461D81009600A29769 /* CitysModel.m */ = {isa = PBXFileReference; fileEncoding = 4; lastKnownFileType = sourcecode.c.objc; path = CitysModel.m; sourceTree = "<group>"; };
		BCB514481D81125400A29769 /* SettingViewController.h */ = {isa = PBXFileReference; fileEncoding = 4; lastKnownFileType = sourcecode.c.h; path = SettingViewController.h; sourceTree = "<group>"; };
		BCB514491D81125400A29769 /* SettingViewController.m */ = {isa = PBXFileReference; fileEncoding = 4; lastKnownFileType = sourcecode.c.objc; path = SettingViewController.m; sourceTree = "<group>"; };
		BCC2D2571D770FB300B70A1C /* Gotham-Light.otf */ = {isa = PBXFileReference; lastKnownFileType = file; path = "Gotham-Light.otf"; sourceTree = "<group>"; };
		BCC2D2581D770FB300B70A1C /* Lantinghei_0.ttf */ = {isa = PBXFileReference; lastKnownFileType = file; path = Lantinghei_0.ttf; sourceTree = "<group>"; };
		BCC2D2741D77136400B70A1C /* PrefixHeader.pch */ = {isa = PBXFileReference; lastKnownFileType = sourcecode.c.h; path = PrefixHeader.pch; sourceTree = "<group>"; };
		BCC2D2751D77193200B70A1C /* SearchViewController.h */ = {isa = PBXFileReference; fileEncoding = 4; lastKnownFileType = sourcecode.c.h; path = SearchViewController.h; sourceTree = "<group>"; };
		BCC2D2761D77193200B70A1C /* SearchViewController.m */ = {isa = PBXFileReference; fileEncoding = 4; lastKnownFileType = sourcecode.c.objc; path = SearchViewController.m; sourceTree = "<group>"; };
		BCC2D2781D77193F00B70A1C /* HelpViewController.h */ = {isa = PBXFileReference; fileEncoding = 4; lastKnownFileType = sourcecode.c.h; path = HelpViewController.h; sourceTree = "<group>"; };
		BCC2D2791D77193F00B70A1C /* HelpViewController.m */ = {isa = PBXFileReference; fileEncoding = 4; lastKnownFileType = sourcecode.c.objc; path = HelpViewController.m; sourceTree = "<group>"; };
		BCC2D27B1D77194A00B70A1C /* MeSettingViewController.h */ = {isa = PBXFileReference; fileEncoding = 4; lastKnownFileType = sourcecode.c.h; path = MeSettingViewController.h; sourceTree = "<group>"; };
		BCC2D27C1D77194A00B70A1C /* MeSettingViewController.m */ = {isa = PBXFileReference; fileEncoding = 4; lastKnownFileType = sourcecode.c.objc; path = MeSettingViewController.m; sourceTree = "<group>"; };
		BCC2D27E1D7733F200B70A1C /* CustomTabBar.h */ = {isa = PBXFileReference; fileEncoding = 4; lastKnownFileType = sourcecode.c.h; path = CustomTabBar.h; sourceTree = "<group>"; };
		BCC2D27F1D7733F200B70A1C /* CustomTabBar.m */ = {isa = PBXFileReference; fileEncoding = 4; lastKnownFileType = sourcecode.c.objc; path = CustomTabBar.m; sourceTree = "<group>"; };
		BCC2D2851D77365700B70A1C /* UIView+MyPositionSize.h */ = {isa = PBXFileReference; fileEncoding = 4; lastKnownFileType = sourcecode.c.h; path = "UIView+MyPositionSize.h"; sourceTree = "<group>"; };
		BCC2D2861D77365700B70A1C /* UIView+MyPositionSize.m */ = {isa = PBXFileReference; fileEncoding = 4; lastKnownFileType = sourcecode.c.objc; path = "UIView+MyPositionSize.m"; sourceTree = "<group>"; };
		BCC2D2881D77368300B70A1C /* UIBarButtonItem+MyBarButtonItem.h */ = {isa = PBXFileReference; fileEncoding = 4; lastKnownFileType = sourcecode.c.h; path = "UIBarButtonItem+MyBarButtonItem.h"; sourceTree = "<group>"; };
		BCC2D2891D77368300B70A1C /* UIBarButtonItem+MyBarButtonItem.m */ = {isa = PBXFileReference; fileEncoding = 4; lastKnownFileType = sourcecode.c.objc; path = "UIBarButtonItem+MyBarButtonItem.m"; sourceTree = "<group>"; };
		BCC2D28B1D773CC900B70A1C /* CustomerNavViewController.h */ = {isa = PBXFileReference; fileEncoding = 4; lastKnownFileType = sourcecode.c.h; path = CustomerNavViewController.h; sourceTree = "<group>"; };
		BCC2D28C1D773CC900B70A1C /* CustomerNavViewController.m */ = {isa = PBXFileReference; fileEncoding = 4; lastKnownFileType = sourcecode.c.objc; path = CustomerNavViewController.m; sourceTree = "<group>"; };
		BCD152381D86D2D700932F1F /* User.h */ = {isa = PBXFileReference; fileEncoding = 4; lastKnownFileType = sourcecode.c.h; path = User.h; sourceTree = "<group>"; };
		BCD152391D86D2D700932F1F /* User.m */ = {isa = PBXFileReference; fileEncoding = 4; lastKnownFileType = sourcecode.c.objc; path = User.m; sourceTree = "<group>"; };
		BCD1523B1D86E0BE00932F1F /* CityLocation.h */ = {isa = PBXFileReference; fileEncoding = 4; lastKnownFileType = sourcecode.c.h; path = CityLocation.h; sourceTree = "<group>"; };
		BCD1523C1D86E0BE00932F1F /* CityLocation.m */ = {isa = PBXFileReference; fileEncoding = 4; lastKnownFileType = sourcecode.c.objc; path = CityLocation.m; sourceTree = "<group>"; };
		BCD1523E1D86EB6500932F1F /* FavouriteDB.h */ = {isa = PBXFileReference; fileEncoding = 4; lastKnownFileType = sourcecode.c.h; path = FavouriteDB.h; sourceTree = "<group>"; };
		BCD1523F1D86EB6500932F1F /* FavouriteDB.m */ = {isa = PBXFileReference; fileEncoding = 4; lastKnownFileType = sourcecode.c.objc; path = FavouriteDB.m; sourceTree = "<group>"; };
		BCD152411D86EB8200932F1F /* Favourtie.h */ = {isa = PBXFileReference; fileEncoding = 4; lastKnownFileType = sourcecode.c.h; path = Favourtie.h; sourceTree = "<group>"; };
		BCD152421D86EB8200932F1F /* Favourtie.m */ = {isa = PBXFileReference; fileEncoding = 4; lastKnownFileType = sourcecode.c.objc; path = Favourtie.m; sourceTree = "<group>"; };
		BCD152441D870D6200932F1F /* InterestingPointDB.h */ = {isa = PBXFileReference; fileEncoding = 4; lastKnownFileType = sourcecode.c.h; path = InterestingPointDB.h; sourceTree = "<group>"; };
		BCD152451D870D6200932F1F /* InterestingPointDB.m */ = {isa = PBXFileReference; fileEncoding = 4; lastKnownFileType = sourcecode.c.objc; path = InterestingPointDB.m; sourceTree = "<group>"; };
		BCD152471D870D6F00932F1F /* Interest.h */ = {isa = PBXFileReference; fileEncoding = 4; lastKnownFileType = sourcecode.c.h; path = Interest.h; sourceTree = "<group>"; };
		BCD152481D870D6F00932F1F /* Interest.m */ = {isa = PBXFileReference; fileEncoding = 4; lastKnownFileType = sourcecode.c.objc; path = Interest.m; sourceTree = "<group>"; };
		BCD1524A1D87F00400932F1F /* ShowDetailViewController.h */ = {isa = PBXFileReference; fileEncoding = 4; lastKnownFileType = sourcecode.c.h; path = ShowDetailViewController.h; sourceTree = "<group>"; };
		BCD1524B1D87F00400932F1F /* ShowDetailViewController.m */ = {isa = PBXFileReference; fileEncoding = 4; lastKnownFileType = sourcecode.c.objc; path = ShowDetailViewController.m; sourceTree = "<group>"; };
		BCD152531D87F39300932F1F /* ReserveViewController.h */ = {isa = PBXFileReference; fileEncoding = 4; lastKnownFileType = sourcecode.c.h; path = ReserveViewController.h; sourceTree = "<group>"; };
		BCD152541D87F39300932F1F /* ReserveViewController.m */ = {isa = PBXFileReference; fileEncoding = 4; lastKnownFileType = sourcecode.c.objc; path = ReserveViewController.m; sourceTree = "<group>"; };
		BCF6A96B1D8142220001E62D /* InterestPointViewController.h */ = {isa = PBXFileReference; fileEncoding = 4; lastKnownFileType = sourcecode.c.h; path = InterestPointViewController.h; sourceTree = "<group>"; };
		BCF6A96C1D8142220001E62D /* InterestPointViewController.m */ = {isa = PBXFileReference; fileEncoding = 4; lastKnownFileType = sourcecode.c.objc; path = InterestPointViewController.m; sourceTree = "<group>"; };
		BCF6A9711D814DD10001E62D /* SettingDetailTableViewCell.h */ = {isa = PBXFileReference; fileEncoding = 4; lastKnownFileType = sourcecode.c.h; path = SettingDetailTableViewCell.h; sourceTree = "<group>"; };
		BCF6A9721D814DD10001E62D /* SettingDetailTableViewCell.m */ = {isa = PBXFileReference; fileEncoding = 4; lastKnownFileType = sourcecode.c.objc; path = SettingDetailTableViewCell.m; sourceTree = "<group>"; };
		BCF6A9A51D82E7A30001E62D /* DetailActivtyViewController.h */ = {isa = PBXFileReference; fileEncoding = 4; lastKnownFileType = sourcecode.c.h; path = DetailActivtyViewController.h; sourceTree = "<group>"; };
		BCF6A9A61D82E7A30001E62D /* DetailActivtyViewController.m */ = {isa = PBXFileReference; fileEncoding = 4; lastKnownFileType = sourcecode.c.objc; path = DetailActivtyViewController.m; sourceTree = "<group>"; };
		BCF6A9A81D82E7B80001E62D /* DetailActivtyView.h */ = {isa = PBXFileReference; fileEncoding = 4; lastKnownFileType = sourcecode.c.h; path = DetailActivtyView.h; sourceTree = "<group>"; };
		BCF6A9A91D82E7B80001E62D /* DetailActivtyView.m */ = {isa = PBXFileReference; fileEncoding = 4; lastKnownFileType = sourcecode.c.objc; path = DetailActivtyView.m; sourceTree = "<group>"; };
		BCF6A9DD1D83DAEC0001E62D /* Booking_policy.h */ = {isa = PBXFileReference; fileEncoding = 4; lastKnownFileType = sourcecode.c.h; path = Booking_policy.h; sourceTree = "<group>"; };
		BCF6A9DE1D83DAEC0001E62D /* Booking_policy.m */ = {isa = PBXFileReference; fileEncoding = 4; lastKnownFileType = sourcecode.c.objc; path = Booking_policy.m; sourceTree = "<group>"; };
		BCF6A9E01D83E26A0001E62D /* DetailCellTableViewCell.h */ = {isa = PBXFileReference; fileEncoding = 4; lastKnownFileType = sourcecode.c.h; path = DetailCellTableViewCell.h; sourceTree = "<group>"; };
		BCF6A9E11D83E26A0001E62D /* DetailCellTableViewCell.m */ = {isa = PBXFileReference; fileEncoding = 4; lastKnownFileType = sourcecode.c.objc; path = DetailCellTableViewCell.m; sourceTree = "<group>"; };
		BCF6A9E31D83E3650001E62D /* HeaderView.h */ = {isa = PBXFileReference; fileEncoding = 4; lastKnownFileType = sourcecode.c.h; path = HeaderView.h; sourceTree = "<group>"; };
		BCF6A9E41D83E3650001E62D /* HeaderView.m */ = {isa = PBXFileReference; fileEncoding = 4; lastKnownFileType = sourcecode.c.objc; path = HeaderView.m; sourceTree = "<group>"; };
		BCF6A9E61D8505C30001E62D /* LocationButton.h */ = {isa = PBXFileReference; fileEncoding = 4; lastKnownFileType = sourcecode.c.h; path = LocationButton.h; sourceTree = "<group>"; };
		BCF6A9E71D8505C30001E62D /* LocationButton.m */ = {isa = PBXFileReference; fileEncoding = 4; lastKnownFileType = sourcecode.c.objc; path = LocationButton.m; sourceTree = "<group>"; };
/* End PBXFileReference section */

/* Begin PBXFrameworksBuildPhase section */
		BC3F16C01D72EC5C0002A97B /* Frameworks */ = {
			isa = PBXFrameworksBuildPhase;
			buildActionMask = 2147483647;
			files = (
				BC7B58B91DA1FB06000469E3 /* MessageUI.framework in Frameworks */,
				BC7B58B71DA1FAE7000469E3 /* libsqlite3.tbd in Frameworks */,
				BC7B58B51DA1FADC000469E3 /* ImageIO.framework in Frameworks */,
				BC7B58B31DA1FAD2000469E3 /* JavaScriptCore.framework in Frameworks */,
				BC7B58B11DA1FAC7000469E3 /* libstdc++.tbd in Frameworks */,
				BC7B58AF1DA1FABB000469E3 /* libz.tbd in Frameworks */,
				BC7B58AD1DA1FAAA000469E3 /* libicucore.tbd in Frameworks */,
				BC7B58A91DA1FA60000469E3 /* MOBFoundation.framework in Frameworks */,
				BC7B58A61DA1FA60000469E3 /* libWeChatSDK.a in Frameworks */,
				BC7B58A21DA1FA60000469E3 /* TencentOpenAPI.framework in Frameworks */,
				BC7B58A41DA1FA60000469E3 /* libWeiboSDK.a in Frameworks */,
				622C1B77A08216C037C55E43 /* libPods-LanRenWeekendApp.a in Frameworks */,
				BC7B589E1DA1FA60000469E3 /* ShareSDK.framework in Frameworks */,
				BC7B589F1DA1FA60000469E3 /* ShareSDKExtension.framework in Frameworks */,
				BC7B58AB1DA1FA60000469E3 /* ShareSDKConnector.framework in Frameworks */,
				BC7B58A11DA1FA60000469E3 /* ShareSDKUI.framework in Frameworks */,
			);
			runOnlyForDeploymentPostprocessing = 0;
		};
/* End PBXFrameworksBuildPhase section */

/* Begin PBXGroup section */
		42103593D4858D9591BD1E1F /* Frameworks */ = {
			isa = PBXGroup;
			children = (
				BC7B58B81DA1FB06000469E3 /* MessageUI.framework */,
				BC7B58B61DA1FAE7000469E3 /* libsqlite3.tbd */,
				BC7B58B41DA1FADC000469E3 /* ImageIO.framework */,
				BC7B58B21DA1FAD2000469E3 /* JavaScriptCore.framework */,
				BC7B58B01DA1FAC7000469E3 /* libstdc++.tbd */,
				BC7B58AE1DA1FABB000469E3 /* libz.tbd */,
				BC7B58AC1DA1FAAA000469E3 /* libicucore.tbd */,
				72E8180B7331E625BA00AA62 /* libPods-LanRenWeekendApp.a */,
			);
			name = Frameworks;
			sourceTree = "<group>";
		};
		B6FB59B943356351BEE9A989 /* Pods */ = {
			isa = PBXGroup;
			children = (
				61352DDE434E39175B940C68 /* Pods-LanRenWeekendApp.debug.xcconfig */,
				3669FE5B0045E6C7B01B9490 /* Pods-LanRenWeekendApp.release.xcconfig */,
			);
			name = Pods;
			sourceTree = "<group>";
		};
		BC14AFC31D74754200FA0048 /* 帮助 */ = {
			isa = PBXGroup;
			children = (
				BCC2D25B1D77113900B70A1C /* Controller */,
				BCC2D25C1D77113900B70A1C /* Model */,
				BCC2D25D1D77113900B70A1C /* View */,
			);
			path = "帮助";
			sourceTree = "<group>";
		};
		BC14AFC41D74754200FA0048 /* 个人 */ = {
			isa = PBXGroup;
			children = (
				BCC2D2711D77133100B70A1C /* Controller */,
				BCC2D2721D77133100B70A1C /* Model */,
				BCC2D2731D77133100B70A1C /* View */,
			);
			path = "个人";
			sourceTree = "<group>";
		};
		BC14AFC51D74754200FA0048 /* 首页 */ = {
			isa = PBXGroup;
			children = (
				BC14AFD41D74787600FA0048 /* 全部活动页面 */,
				BCF6A9A11D82E78B0001E62D /* 详细页面 */,
				BC14AFC61D74754200FA0048 /* 付款页面 */,
				BC14AFC71D74754200FA0048 /* 地址页面 */,
				BC14AFC81D74754200FA0048 /* 提问页面 */,
				BC14AFC91D74754200FA0048 /* 预定页面 */,
			);
			path = "首页";
			sourceTree = "<group>";
		};
		BC14AFC61D74754200FA0048 /* 付款页面 */ = {
			isa = PBXGroup;
			children = (
				BCC2D25E1D77116D00B70A1C /* Controller */,
				BCC2D25F1D77116D00B70A1C /* Model */,
				BCC2D2601D77116D00B70A1C /* View */,
			);
			path = "付款页面";
			sourceTree = "<group>";
		};
		BC14AFC71D74754200FA0048 /* 地址页面 */ = {
			isa = PBXGroup;
			children = (
				BC9F9ECC1DA54D990083B89E /* Controller */,
				BC9F9ECD1DA54D990083B89E /* Model */,
				BC9F9ECE1DA54D990083B89E /* View */,
			);
			path = "地址页面";
			sourceTree = "<group>";
		};
		BC14AFC81D74754200FA0048 /* 提问页面 */ = {
			isa = PBXGroup;
			children = (
				BCC2D2641D77118900B70A1C /* Controller */,
				BCC2D2651D77118900B70A1C /* Model */,
				BCC2D2661D77118900B70A1C /* View */,
			);
			path = "提问页面";
			sourceTree = "<group>";
		};
		BC14AFC91D74754200FA0048 /* 预定页面 */ = {
			isa = PBXGroup;
			children = (
				BCC2D2671D77119100B70A1C /* Controller */,
				BCC2D2681D77119100B70A1C /* Model */,
				BCC2D2691D77119100B70A1C /* View */,
			);
			path = "预定页面";
			sourceTree = "<group>";
		};
		BC14AFCA1D74754200FA0048 /* 搜索 */ = {
			isa = PBXGroup;
			children = (
				BCC2D26A1D7712E900B70A1C /* 搜索页面 */,
				BC14AFCB1D74754200FA0048 /* 搜索详细页面 */,
			);
			path = "搜索";
			sourceTree = "<group>";
		};
		BC14AFCB1D74754200FA0048 /* 搜索详细页面 */ = {
			isa = PBXGroup;
			children = (
				BCC2D26E1D7712F000B70A1C /* Controller */,
				BCC2D26F1D7712F000B70A1C /* Model */,
				BCC2D2701D7712F000B70A1C /* View */,
			);
			path = "搜索详细页面";
			sourceTree = "<group>";
		};
		BC14AFCC1D7475B900FA0048 /* 登录 */ = {
			isa = PBXGroup;
			children = (
				BC14AFCD1D74777900FA0048 /* Controller */,
				BC14AFCE1D74777900FA0048 /* Model */,
				BC14AFCF1D74777900FA0048 /* Views */,
			);
			path = "登录";
			sourceTree = "<group>";
		};
		BC14AFCD1D74777900FA0048 /* Controller */ = {
			isa = PBXGroup;
			children = (
				BC79C7F01D77094C00F4D39D /* CustomerTabBarViewController.h */,
				BC79C7F11D77094C00F4D39D /* CustomerTabBarViewController.m */,
				BCC2D28B1D773CC900B70A1C /* CustomerNavViewController.h */,
				BCC2D28C1D773CC900B70A1C /* CustomerNavViewController.m */,
				BC1619A51D790B3F0024B0DC /* MainViewController.h */,
				BC1619A61D790B3F0024B0DC /* MainViewController.m */,
				BCB513BC1D7AF0BF00A29769 /* UserFirstSettingViewController.h */,
				BCB513BD1D7AF0BF00A29769 /* UserFirstSettingViewController.m */,
				BCB513BF1D7B0BE800A29769 /* UserSecondSettingViewController.h */,
				BCB513C01D7B0BE800A29769 /* UserSecondSettingViewController.m */,
			);
			path = Controller;
			sourceTree = "<group>";
		};
		BC14AFCE1D74777900FA0048 /* Model */ = {
			isa = PBXGroup;
			children = (
			);
			path = Model;
			sourceTree = "<group>";
		};
		BC14AFCF1D74777900FA0048 /* Views */ = {
			isa = PBXGroup;
			children = (
				BC14AFD11D74781500FA0048 /* LoginView.h */,
				BC14AFD21D74781500FA0048 /* LoginView.m */,
				BCC2D27E1D7733F200B70A1C /* CustomTabBar.h */,
				BCC2D27F1D7733F200B70A1C /* CustomTabBar.m */,
				BCB513D21D7BC36400A29769 /* UserFirstSettingView.h */,
				BCB513D31D7BC36400A29769 /* UserFirstSettingView.m */,
				BCB513D51D7BC37100A29769 /* UserSecondSettingVIew.h */,
				BCB513D61D7BC37100A29769 /* UserSecondSettingVIew.m */,
				BCB513D81D7CFA5300A29769 /* UserSecondSettingCollectionViewCell.h */,
				BCB513D91D7CFA5300A29769 /* UserSecondSettingCollectionViewCell.m */,
			);
			path = Views;
			sourceTree = "<group>";
		};
		BC14AFD01D74778200FA0048 /* 工具类 */ = {
			isa = PBXGroup;
			children = (
				BCD152371D86D29100932F1F /* DBmodel */,
				BCB513CB1D7B10B400A29769 /* DB */,
				BCC2D2811D7735EC00B70A1C /* category */,
				BCC2D2741D77136400B70A1C /* PrefixHeader.pch */,
			);
			path = "工具类";
			sourceTree = "<group>";
		};
		BC14AFD41D74787600FA0048 /* 全部活动页面 */ = {
			isa = PBXGroup;
			children = (
				BC14AFD51D74787600FA0048 /* Controller */,
				BC14AFD61D74787600FA0048 /* Model */,
				BC14AFD71D74787600FA0048 /* View */,
			);
			path = "全部活动页面";
			sourceTree = "<group>";
		};
		BC14AFD51D74787600FA0048 /* Controller */ = {
			isa = PBXGroup;
			children = (
				BC14AFD81D7478B000FA0048 /* AllActivitesViewController.h */,
				BC14AFD91D7478B000FA0048 /* AllActivitesViewController.m */,
			);
			path = Controller;
			sourceTree = "<group>";
		};
		BC14AFD61D74787600FA0048 /* Model */ = {
			isa = PBXGroup;
			children = (
				BCB513F01D7DA1AA00A29769 /* AllActiviteModel.h */,
				BCB513F11D7DA1AA00A29769 /* AllActiviteModel.m */,
			);
			path = Model;
			sourceTree = "<group>";
		};
		BC14AFD71D74787600FA0048 /* View */ = {
			isa = PBXGroup;
			children = (
				BCB513ED1D7DA18E00A29769 /* AllActiviteView.h */,
				BCB513EE1D7DA18E00A29769 /* AllActiviteView.m */,
				BCB513F31D7DA1E300A29769 /* AllActivitesTableViewCell.h */,
				BCB513F41D7DA1E300A29769 /* AllActivitesTableViewCell.m */,
				BCB513F61D7DDADF00A29769 /* AutoFitImageButton.h */,
				BCB513F71D7DDADF00A29769 /* AutoFitImageButton.m */,
			);
			path = View;
			sourceTree = "<group>";
		};
		BC3F16BA1D72EC5C0002A97B = {
			isa = PBXGroup;
			children = (
				BC3F16C51D72EC5C0002A97B /* LanRenWeekendApp */,
				BC3F16C41D72EC5C0002A97B /* Products */,
				BC7B587A1DA1FA60000469E3 /* ShareSDK */,
				B6FB59B943356351BEE9A989 /* Pods */,
				42103593D4858D9591BD1E1F /* Frameworks */,
			);
			sourceTree = "<group>";
		};
		BC3F16C41D72EC5C0002A97B /* Products */ = {
			isa = PBXGroup;
			children = (
				BC3F16C31D72EC5C0002A97B /* LanRenWeekendApp.app */,
			);
			name = Products;
			sourceTree = "<group>";
		};
		BC3F16C51D72EC5C0002A97B /* LanRenWeekendApp */ = {
			isa = PBXGroup;
			children = (
				BC14AFCC1D7475B900FA0048 /* 登录 */,
				BC14AFC51D74754200FA0048 /* 首页 */,
				BC14AFCA1D74754200FA0048 /* 搜索 */,
				BC14AFC31D74754200FA0048 /* 帮助 */,
				BC14AFC41D74754200FA0048 /* 个人 */,
				BC14AFD01D74778200FA0048 /* 工具类 */,
				BC3F16C91D72EC5C0002A97B /* AppDelegate.h */,
				BC3F16CA1D72EC5C0002A97B /* AppDelegate.m */,
				BC3F16C61D72EC5C0002A97B /* Supporting Files */,
			);
			path = LanRenWeekendApp;
			sourceTree = "<group>";
		};
		BC3F16C61D72EC5C0002A97B /* Supporting Files */ = {
			isa = PBXGroup;
			children = (
				BC7B58BC1DA227A9000469E3 /* mountain_199.1960199005px_1200341_easyicon.net.png */,
				BCC2D2561D770FB300B70A1C /* font */,
				BC3F16CF1D72EC5C0002A97B /* Main.storyboard */,
				BC3F16D21D72EC5C0002A97B /* Assets.xcassets */,
				BC3F16D41D72EC5C0002A97B /* LaunchScreen.storyboard */,
				BC3F16D71D72EC5C0002A97B /* Info.plist */,
				BC3F16C71D72EC5C0002A97B /* main.m */,
			);
			name = "Supporting Files";
			sourceTree = "<group>";
		};
		BC7B587A1DA1FA60000469E3 /* ShareSDK */ = {
			isa = PBXGroup;
			children = (
				BC7B587B1DA1FA60000469E3 /* ShareSDK.framework */,
				BC7B587C1DA1FA60000469E3 /* Support */,
			);
			path = ShareSDK;
			sourceTree = "<group>";
		};
		BC7B587C1DA1FA60000469E3 /* Support */ = {
			isa = PBXGroup;
			children = (
				BC7B587D1DA1FA60000469E3 /* Optional */,
				BC7B58811DA1FA60000469E3 /* PlatformSDK */,
				BC7B589A1DA1FA60000469E3 /* Required */,
			);
			path = Support;
			sourceTree = "<group>";
		};
		BC7B587D1DA1FA60000469E3 /* Optional */ = {
			isa = PBXGroup;
			children = (
				BC7B587E1DA1FA60000469E3 /* ShareSDKExtension.framework */,
				BC7B587F1DA1FA60000469E3 /* ShareSDKUI.bundle */,
				BC7B58801DA1FA60000469E3 /* ShareSDKUI.framework */,
			);
			path = Optional;
			sourceTree = "<group>";
		};
		BC7B58811DA1FA60000469E3 /* PlatformSDK */ = {
			isa = PBXGroup;
			children = (
				BC7B58821DA1FA60000469E3 /* QQSDK */,
				BC7B58851DA1FA60000469E3 /* SinaWeiboSDK */,
				BC7B58931DA1FA60000469E3 /* WeChatSDK */,
			);
			path = PlatformSDK;
			sourceTree = "<group>";
		};
		BC7B58821DA1FA60000469E3 /* QQSDK */ = {
			isa = PBXGroup;
			children = (
				BC7B58831DA1FA60000469E3 /* TencentOpenAPI.framework */,
				BC7B58841DA1FA60000469E3 /* TencentOpenApi_IOS_Bundle.bundle */,
			);
			path = QQSDK;
			sourceTree = "<group>";
		};
		BC7B58851DA1FA60000469E3 /* SinaWeiboSDK */ = {
			isa = PBXGroup;
			children = (
				BC7B58861DA1FA60000469E3 /* libWeiboSDK.a */,
				BC7B58871DA1FA60000469E3 /* WBHttpRequest+WeiboGame.h */,
				BC7B58881DA1FA60000469E3 /* WBHttpRequest+WeiboShare.h */,
				BC7B58891DA1FA60000469E3 /* WBHttpRequest+WeiboToken.h */,
				BC7B588A1DA1FA60000469E3 /* WBHttpRequest+WeiboUser.h */,
				BC7B588B1DA1FA60000469E3 /* WBHttpRequest.h */,
				BC7B588C1DA1FA60000469E3 /* WBSDKBasicButton.h */,
				BC7B588D1DA1FA60000469E3 /* WBSDKCommentButton.h */,
				BC7B588E1DA1FA60000469E3 /* WBSDKRelationshipButton.h */,
				BC7B588F1DA1FA60000469E3 /* WeiboSDK+Statistics.h */,
				BC7B58901DA1FA60000469E3 /* WeiboSDK.bundle */,
				BC7B58911DA1FA60000469E3 /* WeiboSDK.h */,
				BC7B58921DA1FA60000469E3 /* WeiboUser.h */,
			);
			path = SinaWeiboSDK;
			sourceTree = "<group>";
		};
		BC7B58931DA1FA60000469E3 /* WeChatSDK */ = {
			isa = PBXGroup;
			children = (
				BC7B58941DA1FA60000469E3 /* libWeChatSDK.a */,
				BC7B58951DA1FA60000469E3 /* read_me.txt */,
				BC7B58961DA1FA60000469E3 /* README.txt */,
				BC7B58971DA1FA60000469E3 /* WechatAuthSDK.h */,
				BC7B58981DA1FA60000469E3 /* WXApi.h */,
				BC7B58991DA1FA60000469E3 /* WXApiObject.h */,
			);
			path = WeChatSDK;
			sourceTree = "<group>";
		};
		BC7B589A1DA1FA60000469E3 /* Required */ = {
			isa = PBXGroup;
			children = (
				BC7B589B1DA1FA60000469E3 /* MOBFoundation.framework */,
				BC7B589C1DA1FA60000469E3 /* ShareSDK.bundle */,
				BC7B589D1DA1FA60000469E3 /* ShareSDKConnector.framework */,
			);
			path = Required;
			sourceTree = "<group>";
		};
		BC9F9ECC1DA54D990083B89E /* Controller */ = {
			isa = PBXGroup;
			children = (
				BC9F9ECF1DA54DB10083B89E /* MapDetailViewController.h */,
				BC9F9ED01DA54DB10083B89E /* MapDetailViewController.m */,
			);
			path = Controller;
			sourceTree = "<group>";
		};
		BC9F9ECD1DA54D990083B89E /* Model */ = {
			isa = PBXGroup;
			children = (
			);
			path = Model;
			sourceTree = "<group>";
		};
		BC9F9ECE1DA54D990083B89E /* View */ = {
			isa = PBXGroup;
			children = (
			);
			path = View;
			sourceTree = "<group>";
		};
		BCB513CB1D7B10B400A29769 /* DB */ = {
			isa = PBXGroup;
			children = (
				BCB513CC1D7B10E400A29769 /* UserDB.h */,
				BCB513CD1D7B10E400A29769 /* UserDB.m */,
				BCB513CF1D7B294800A29769 /* LocationDB.h */,
				BCB513D01D7B294800A29769 /* LocationDB.m */,
				BC7B58611D9FF12B000469E3 /* HotCityDB.h */,
				BC7B58621D9FF12B000469E3 /* HotCityDB.m */,
				BCD1523E1D86EB6500932F1F /* FavouriteDB.h */,
				BCD1523F1D86EB6500932F1F /* FavouriteDB.m */,
				BCD152441D870D6200932F1F /* InterestingPointDB.h */,
				BCD152451D870D6200932F1F /* InterestingPointDB.m */,
			);
			path = DB;
			sourceTree = "<group>";
		};
		BCC2D2561D770FB300B70A1C /* font */ = {
			isa = PBXGroup;
			children = (
				BCC2D2571D770FB300B70A1C /* Gotham-Light.otf */,
				BCC2D2581D770FB300B70A1C /* Lantinghei_0.ttf */,
			);
			path = font;
			sourceTree = "<group>";
		};
		BCC2D25B1D77113900B70A1C /* Controller */ = {
			isa = PBXGroup;
			children = (
				BCC2D2781D77193F00B70A1C /* HelpViewController.h */,
				BCC2D2791D77193F00B70A1C /* HelpViewController.m */,
			);
			path = Controller;
			sourceTree = "<group>";
		};
		BCC2D25C1D77113900B70A1C /* Model */ = {
			isa = PBXGroup;
			children = (
				BCB514221D7FA15700A29769 /* TalkMessageModel.h */,
				BCB514231D7FA15700A29769 /* TalkMessageModel.m */,
			);
			path = Model;
			sourceTree = "<group>";
		};
		BCC2D25D1D77113900B70A1C /* View */ = {
			isa = PBXGroup;
			children = (
				BCB514161D7F975400A29769 /* TalkTableView.h */,
				BCB514171D7F975400A29769 /* TalkTableView.m */,
				BCB5141C1D7F977C00A29769 /* TalkHeaderView.h */,
				BCB5141D1D7F977C00A29769 /* TalkHeaderView.m */,
				BCB514191D7F976800A29769 /* TalkTableViewCell.h */,
				BCB5141A1D7F976800A29769 /* TalkTableViewCell.m */,
			);
			path = View;
			sourceTree = "<group>";
		};
		BCC2D25E1D77116D00B70A1C /* Controller */ = {
			isa = PBXGroup;
			children = (
			);
			path = Controller;
			sourceTree = "<group>";
		};
		BCC2D25F1D77116D00B70A1C /* Model */ = {
			isa = PBXGroup;
			children = (
			);
			path = Model;
			sourceTree = "<group>";
		};
		BCC2D2601D77116D00B70A1C /* View */ = {
			isa = PBXGroup;
			children = (
			);
			path = View;
			sourceTree = "<group>";
		};
		BCC2D2641D77118900B70A1C /* Controller */ = {
			isa = PBXGroup;
			children = (
			);
			path = Controller;
			sourceTree = "<group>";
		};
		BCC2D2651D77118900B70A1C /* Model */ = {
			isa = PBXGroup;
			children = (
			);
			path = Model;
			sourceTree = "<group>";
		};
		BCC2D2661D77118900B70A1C /* View */ = {
			isa = PBXGroup;
			children = (
			);
			path = View;
			sourceTree = "<group>";
		};
		BCC2D2671D77119100B70A1C /* Controller */ = {
			isa = PBXGroup;
			children = (
			);
			path = Controller;
			sourceTree = "<group>";
		};
		BCC2D2681D77119100B70A1C /* Model */ = {
			isa = PBXGroup;
			children = (
			);
			path = Model;
			sourceTree = "<group>";
		};
		BCC2D2691D77119100B70A1C /* View */ = {
			isa = PBXGroup;
			children = (
			);
			path = View;
			sourceTree = "<group>";
		};
		BCC2D26A1D7712E900B70A1C /* 搜索页面 */ = {
			isa = PBXGroup;
			children = (
				BCC2D26B1D7712E900B70A1C /* Controller */,
				BCC2D26C1D7712E900B70A1C /* Model */,
				BCC2D26D1D7712E900B70A1C /* View */,
			);
			path = "搜索页面";
			sourceTree = "<group>";
		};
		BCC2D26B1D7712E900B70A1C /* Controller */ = {
			isa = PBXGroup;
			children = (
				BCC2D2751D77193200B70A1C /* SearchViewController.h */,
				BCC2D2761D77193200B70A1C /* SearchViewController.m */,
				BCD1524A1D87F00400932F1F /* ShowDetailViewController.h */,
				BCD1524B1D87F00400932F1F /* ShowDetailViewController.m */,
			);
			path = Controller;
			sourceTree = "<group>";
		};
		BCC2D26C1D7712E900B70A1C /* Model */ = {
			isa = PBXGroup;
			children = (
				BCB5141F1D7F9BF900A29769 /* SearchTypeModel.h */,
				BCB514201D7F9BF900A29769 /* SearchTypeModel.m */,
			);
			path = Model;
			sourceTree = "<group>";
		};
		BCC2D26D1D7712E900B70A1C /* View */ = {
			isa = PBXGroup;
			children = (
				BCB5140D1D7F0E0700A29769 /* BodyCollectionView.h */,
				BCB5140E1D7F0E0700A29769 /* BodyCollectionView.m */,
				BCB514101D7F0F4E00A29769 /* BodyCollectionViewCell.h */,
				BCB514111D7F0F4E00A29769 /* BodyCollectionViewCell.m */,
				BCB5140A1D7EBAF600A29769 /* CityButtonLayoutImg.h */,
				BCB5140B1D7EBAF600A29769 /* CityButtonLayoutImg.m */,
				BC7B58C11DA2A42B000469E3 /* ShowDetailView.h */,
				BC7B58C21DA2A42B000469E3 /* ShowDetailView.m */,
			);
			path = View;
			sourceTree = "<group>";
		};
		BCC2D26E1D7712F000B70A1C /* Controller */ = {
			isa = PBXGroup;
			children = (
				BCB514391D80F4BC00A29769 /* ChangeCityViewController.h */,
				BCB5143A1D80F4BC00A29769 /* ChangeCityViewController.m */,
			);
			path = Controller;
			sourceTree = "<group>";
		};
		BCC2D26F1D7712F000B70A1C /* Model */ = {
			isa = PBXGroup;
			children = (
				BCB514451D81009600A29769 /* CitysModel.h */,
				BCB514461D81009600A29769 /* CitysModel.m */,
			);
			path = Model;
			sourceTree = "<group>";
		};
		BCC2D2701D7712F000B70A1C /* View */ = {
			isa = PBXGroup;
			children = (
				BCB5143C1D80F90700A29769 /* ChangeCityView.h */,
				BCB5143D1D80F90700A29769 /* ChangeCityView.m */,
				BCB5143F1D80F9F200A29769 /* ChangCityHeaderView.h */,
				BCB514401D80F9F200A29769 /* ChangCityHeaderView.m */,
				BCB514421D80FAD100A29769 /* ChangeCityTableViewCell.h */,
				BCB514431D80FAD100A29769 /* ChangeCityTableViewCell.m */,
			);
			path = View;
			sourceTree = "<group>";
		};
		BCC2D2711D77133100B70A1C /* Controller */ = {
			isa = PBXGroup;
			children = (
				BCC2D27B1D77194A00B70A1C /* MeSettingViewController.h */,
				BCC2D27C1D77194A00B70A1C /* MeSettingViewController.m */,
				BCD152531D87F39300932F1F /* ReserveViewController.h */,
				BCD152541D87F39300932F1F /* ReserveViewController.m */,
				BCF6A96B1D8142220001E62D /* InterestPointViewController.h */,
				BCF6A96C1D8142220001E62D /* InterestPointViewController.m */,
				BCB514481D81125400A29769 /* SettingViewController.h */,
				BCB514491D81125400A29769 /* SettingViewController.m */,
			);
			path = Controller;
			sourceTree = "<group>";
		};
		BCC2D2721D77133100B70A1C /* Model */ = {
			isa = PBXGroup;
			children = (
				BCB514361D8059C800A29769 /* FavActivityModel.h */,
				BCB514371D8059C800A29769 /* FavActivityModel.m */,
			);
			path = Model;
			sourceTree = "<group>";
		};
		BCC2D2731D77133100B70A1C /* View */ = {
			isa = PBXGroup;
			children = (
				BCB5142A1D80189A00A29769 /* MeSettingView.h */,
				BCB5142B1D80189A00A29769 /* MeSettingView.m */,
				BCB5142D1D801B9400A29769 /* MeSettingCollectionViewCell.h */,
				BCB5142E1D801B9400A29769 /* MeSettingCollectionViewCell.m */,
				BCB514301D801D6400A29769 /* MeSettingHeaderView.h */,
				BCB514311D801D6400A29769 /* MeSettingHeaderView.m */,
				BCB514331D804C9D00A29769 /* SettingButton.h */,
				BCB514341D804C9D00A29769 /* SettingButton.m */,
				BCF6A9711D814DD10001E62D /* SettingDetailTableViewCell.h */,
				BCF6A9721D814DD10001E62D /* SettingDetailTableViewCell.m */,
			);
			path = View;
			sourceTree = "<group>";
		};
		BCC2D2811D7735EC00B70A1C /* category */ = {
			isa = PBXGroup;
			children = (
				BCC2D2851D77365700B70A1C /* UIView+MyPositionSize.h */,
				BCC2D2861D77365700B70A1C /* UIView+MyPositionSize.m */,
				BCC2D2881D77368300B70A1C /* UIBarButtonItem+MyBarButtonItem.h */,
				BCC2D2891D77368300B70A1C /* UIBarButtonItem+MyBarButtonItem.m */,
				BCB513C81D7B0EA200A29769 /* UINavigationItem+MyNavItem.h */,
				BCB513C91D7B0EA200A29769 /* UINavigationItem+MyNavItem.m */,
				BCB514071D7E8B9F00A29769 /* UIImage+LoadImg.h */,
				BCB514081D7E8B9F00A29769 /* UIImage+LoadImg.m */,
			);
			path = category;
			sourceTree = "<group>";
		};
		BCD152371D86D29100932F1F /* DBmodel */ = {
			isa = PBXGroup;
			children = (
				BCD152381D86D2D700932F1F /* User.h */,
				BCD152391D86D2D700932F1F /* User.m */,
				BCD1523B1D86E0BE00932F1F /* CityLocation.h */,
				BCD1523C1D86E0BE00932F1F /* CityLocation.m */,
				BC7B58641DA00AC1000469E3 /* HotCity.h */,
				BC7B58651DA00AC1000469E3 /* HotCity.m */,
				BCD152411D86EB8200932F1F /* Favourtie.h */,
				BCD152421D86EB8200932F1F /* Favourtie.m */,
				BCD152471D870D6F00932F1F /* Interest.h */,
				BCD152481D870D6F00932F1F /* Interest.m */,
			);
			path = DBmodel;
			sourceTree = "<group>";
		};
		BCF6A9A11D82E78B0001E62D /* 详细页面 */ = {
			isa = PBXGroup;
			children = (
				BCF6A9A21D82E78B0001E62D /* Controller */,
				BCF6A9A31D82E78B0001E62D /* Model */,
				BCF6A9A41D82E78B0001E62D /* View */,
			);
			path = "详细页面";
			sourceTree = "<group>";
		};
		BCF6A9A21D82E78B0001E62D /* Controller */ = {
			isa = PBXGroup;
			children = (
				BCF6A9A51D82E7A30001E62D /* DetailActivtyViewController.h */,
				BCF6A9A61D82E7A30001E62D /* DetailActivtyViewController.m */,
			);
			path = Controller;
			sourceTree = "<group>";
		};
		BCF6A9A31D82E78B0001E62D /* Model */ = {
			isa = PBXGroup;
			children = (
				BCF6A9DD1D83DAEC0001E62D /* Booking_policy.h */,
				BCF6A9DE1D83DAEC0001E62D /* Booking_policy.m */,
			);
			path = Model;
			sourceTree = "<group>";
		};
		BCF6A9A41D82E78B0001E62D /* View */ = {
			isa = PBXGroup;
			children = (
				BCF6A9A81D82E7B80001E62D /* DetailActivtyView.h */,
				BCF6A9A91D82E7B80001E62D /* DetailActivtyView.m */,
				BCF6A9E01D83E26A0001E62D /* DetailCellTableViewCell.h */,
				BCF6A9E11D83E26A0001E62D /* DetailCellTableViewCell.m */,
				BCF6A9E31D83E3650001E62D /* HeaderView.h */,
				BCF6A9E41D83E3650001E62D /* HeaderView.m */,
				BCF6A9E61D8505C30001E62D /* LocationButton.h */,
				BCF6A9E71D8505C30001E62D /* LocationButton.m */,
			);
			path = View;
			sourceTree = "<group>";
		};
/* End PBXGroup section */

/* Begin PBXNativeTarget section */
		BC3F16C21D72EC5C0002A97B /* LanRenWeekendApp */ = {
			isa = PBXNativeTarget;
			buildConfigurationList = BC3F16DA1D72EC5C0002A97B /* Build configuration list for PBXNativeTarget "LanRenWeekendApp" */;
			buildPhases = (
				16D644EC731E1EDD5D71EDB9 /* [CP] Check Pods Manifest.lock */,
				BC3F16BF1D72EC5C0002A97B /* Sources */,
				BC3F16C01D72EC5C0002A97B /* Frameworks */,
				BC3F16C11D72EC5C0002A97B /* Resources */,
				D140EB71FF4BB4E8582C2DC9 /* [CP] Embed Pods Frameworks */,
				F2667D48B11E04B95D1B5589 /* [CP] Copy Pods Resources */,
			);
			buildRules = (
			);
			dependencies = (
			);
			name = LanRenWeekendApp;
			productName = LanRenWeekendApp;
			productReference = BC3F16C31D72EC5C0002A97B /* LanRenWeekendApp.app */;
			productType = "com.apple.product-type.application";
		};
/* End PBXNativeTarget section */

/* Begin PBXProject section */
		BC3F16BB1D72EC5C0002A97B /* Project object */ = {
			isa = PBXProject;
			attributes = {
				LastUpgradeCheck = 0730;
				ORGANIZATIONNAME = "张增强";
				TargetAttributes = {
					BC3F16C21D72EC5C0002A97B = {
						CreatedOnToolsVersion = 7.3;
						DevelopmentTeam = P28THB67HH;
					};
				};
			};
			buildConfigurationList = BC3F16BE1D72EC5C0002A97B /* Build configuration list for PBXProject "LanRenWeekendApp" */;
			compatibilityVersion = "Xcode 3.2";
			developmentRegion = English;
			hasScannedForEncodings = 0;
			knownRegions = (
				en,
				Base,
			);
			mainGroup = BC3F16BA1D72EC5C0002A97B;
			productRefGroup = BC3F16C41D72EC5C0002A97B /* Products */;
			projectDirPath = "";
			projectRoot = "";
			targets = (
				BC3F16C21D72EC5C0002A97B /* LanRenWeekendApp */,
			);
		};
/* End PBXProject section */

/* Begin PBXResourcesBuildPhase section */
		BC3F16C11D72EC5C0002A97B /* Resources */ = {
			isa = PBXResourcesBuildPhase;
			buildActionMask = 2147483647;
			files = (
				BCC2D2591D770FB300B70A1C /* Gotham-Light.otf in Resources */,
				BC3F16D61D72EC5C0002A97B /* LaunchScreen.storyboard in Resources */,
				BCC2D25A1D770FB300B70A1C /* Lantinghei_0.ttf in Resources */,
				BC3F16D31D72EC5C0002A97B /* Assets.xcassets in Resources */,
				BC7B58AA1DA1FA60000469E3 /* ShareSDK.bundle in Resources */,
				BC7B58A81DA1FA60000469E3 /* README.txt in Resources */,
				BC7B58A31DA1FA60000469E3 /* TencentOpenApi_IOS_Bundle.bundle in Resources */,
				BC7B58BD1DA227A9000469E3 /* mountain_199.1960199005px_1200341_easyicon.net.png in Resources */,
				BC7B58A01DA1FA60000469E3 /* ShareSDKUI.bundle in Resources */,
				BC3F16D11D72EC5C0002A97B /* Main.storyboard in Resources */,
				BC7B58A71DA1FA60000469E3 /* read_me.txt in Resources */,
				BC7B58A51DA1FA60000469E3 /* WeiboSDK.bundle in Resources */,
			);
			runOnlyForDeploymentPostprocessing = 0;
		};
/* End PBXResourcesBuildPhase section */

/* Begin PBXShellScriptBuildPhase section */
		16D644EC731E1EDD5D71EDB9 /* [CP] Check Pods Manifest.lock */ = {
			isa = PBXShellScriptBuildPhase;
			buildActionMask = 2147483647;
			files = (
			);
			inputPaths = (
			);
			name = "[CP] Check Pods Manifest.lock";
			outputPaths = (
			);
			runOnlyForDeploymentPostprocessing = 0;
			shellPath = /bin/sh;
			shellScript = "diff \"${PODS_ROOT}/../Podfile.lock\" \"${PODS_ROOT}/Manifest.lock\" > /dev/null\nif [ $? != 0 ] ; then\n    # print error to STDERR\n    echo \"error: The sandbox is not in sync with the Podfile.lock. Run 'pod install' or update your CocoaPods installation.\" >&2\n    exit 1\nfi\n";
			showEnvVarsInLog = 0;
		};
		D140EB71FF4BB4E8582C2DC9 /* [CP] Embed Pods Frameworks */ = {
			isa = PBXShellScriptBuildPhase;
			buildActionMask = 2147483647;
			files = (
			);
			inputPaths = (
			);
			name = "[CP] Embed Pods Frameworks";
			outputPaths = (
			);
			runOnlyForDeploymentPostprocessing = 0;
			shellPath = /bin/sh;
			shellScript = "\"${SRCROOT}/Pods/Target Support Files/Pods-LanRenWeekendApp/Pods-LanRenWeekendApp-frameworks.sh\"\n";
			showEnvVarsInLog = 0;
		};
		F2667D48B11E04B95D1B5589 /* [CP] Copy Pods Resources */ = {
			isa = PBXShellScriptBuildPhase;
			buildActionMask = 2147483647;
			files = (
			);
			inputPaths = (
			);
			name = "[CP] Copy Pods Resources";
			outputPaths = (
			);
			runOnlyForDeploymentPostprocessing = 0;
			shellPath = /bin/sh;
			shellScript = "\"${SRCROOT}/Pods/Target Support Files/Pods-LanRenWeekendApp/Pods-LanRenWeekendApp-resources.sh\"\n";
			showEnvVarsInLog = 0;
		};
/* End PBXShellScriptBuildPhase section */

/* Begin PBXSourcesBuildPhase section */
		BC3F16BF1D72EC5C0002A97B /* Sources */ = {
			isa = PBXSourcesBuildPhase;
			buildActionMask = 2147483647;
			files = (
				BC7B58631D9FF12B000469E3 /* HotCityDB.m in Sources */,
				BCF6A9AA1D82E7B80001E62D /* DetailActivtyView.m in Sources */,
				BC14AFD31D74781500FA0048 /* LoginView.m in Sources */,
				BCB513D41D7BC36400A29769 /* UserFirstSettingView.m in Sources */,
				BCB5143E1D80F90700A29769 /* ChangeCityView.m in Sources */,
				BC3F16CB1D72EC5C0002A97B /* AppDelegate.m in Sources */,
				BCF6A9E51D83E3650001E62D /* HeaderView.m in Sources */,
				BC79C7F21D77094C00F4D39D /* CustomerTabBarViewController.m in Sources */,
				BCD152401D86EB6500932F1F /* FavouriteDB.m in Sources */,
				BCB5140F1D7F0E0700A29769 /* BodyCollectionView.m in Sources */,
				BCB514181D7F975400A29769 /* TalkTableView.m in Sources */,
				BCB514351D804C9D00A29769 /* SettingButton.m in Sources */,
				BCB514321D801D6400A29769 /* MeSettingHeaderView.m in Sources */,
				BCC2D28A1D77368300B70A1C /* UIBarButtonItem+MyBarButtonItem.m in Sources */,
				BCF6A9E81D8505C30001E62D /* LocationButton.m in Sources */,
				BC1619A71D790B3F0024B0DC /* MainViewController.m in Sources */,
				BCF6A9DF1D83DAEC0001E62D /* Booking_policy.m in Sources */,
				BCF6A9731D814DD10001E62D /* SettingDetailTableViewCell.m in Sources */,
				BCC2D28D1D773CC900B70A1C /* CustomerNavViewController.m in Sources */,
				BCB514241D7FA15700A29769 /* TalkMessageModel.m in Sources */,
				BCB5140C1D7EBAF600A29769 /* CityButtonLayoutImg.m in Sources */,
				BCB5144A1D81125400A29769 /* SettingViewController.m in Sources */,
				BCC2D27D1D77194A00B70A1C /* MeSettingViewController.m in Sources */,
				BCB513F21D7DA1AA00A29769 /* AllActiviteModel.m in Sources */,
				BCB5141B1D7F976800A29769 /* TalkTableViewCell.m in Sources */,
				BCB514211D7F9BF900A29769 /* SearchTypeModel.m in Sources */,
				BC3F16C81D72EC5C0002A97B /* main.m in Sources */,
				BCB513BE1D7AF0BF00A29769 /* UserFirstSettingViewController.m in Sources */,
				BCB514411D80F9F200A29769 /* ChangCityHeaderView.m in Sources */,
				BCB5143B1D80F4BC00A29769 /* ChangeCityViewController.m in Sources */,
				BCB513CA1D7B0EA200A29769 /* UINavigationItem+MyNavItem.m in Sources */,
				BCC2D2801D7733F200B70A1C /* CustomTabBar.m in Sources */,
				BCC2D27A1D77193F00B70A1C /* HelpViewController.m in Sources */,
				BCD152431D86EB8200932F1F /* Favourtie.m in Sources */,
				BCB513F51D7DA1E300A29769 /* AllActivitesTableViewCell.m in Sources */,
				BCB514381D8059C800A29769 /* FavActivityModel.m in Sources */,
				BCD152461D870D6200932F1F /* InterestingPointDB.m in Sources */,
				BCB513C11D7B0BE800A29769 /* UserSecondSettingViewController.m in Sources */,
				BCB513D71D7BC37100A29769 /* UserSecondSettingVIew.m in Sources */,
				BCC2D2771D77193200B70A1C /* SearchViewController.m in Sources */,
				BCF6A9A71D82E7A30001E62D /* DetailActivtyViewController.m in Sources */,
				BCB513D11D7B294800A29769 /* LocationDB.m in Sources */,
				BCB513DA1D7CFA5300A29769 /* UserSecondSettingCollectionViewCell.m in Sources */,
				BCB513CE1D7B10E400A29769 /* UserDB.m in Sources */,
				BCB5142C1D80189A00A29769 /* MeSettingView.m in Sources */,
				BCB513EF1D7DA18E00A29769 /* AllActiviteView.m in Sources */,
				BCD1523D1D86E0BE00932F1F /* CityLocation.m in Sources */,
				BCD152491D870D6F00932F1F /* Interest.m in Sources */,
				BCD1524C1D87F00400932F1F /* ShowDetailViewController.m in Sources */,
				BC9F9ED11DA54DB10083B89E /* MapDetailViewController.m in Sources */,
				BCD152551D87F39300932F1F /* ReserveViewController.m in Sources */,
				BCB513F81D7DDADF00A29769 /* AutoFitImageButton.m in Sources */,
				BCB5141E1D7F977C00A29769 /* TalkHeaderView.m in Sources */,
				BCC2D2871D77365700B70A1C /* UIView+MyPositionSize.m in Sources */,
				BCB514121D7F0F4E00A29769 /* BodyCollectionViewCell.m in Sources */,
				BC14AFDA1D7478B000FA0048 /* AllActivitesViewController.m in Sources */,
				BCF6A9E21D83E26A0001E62D /* DetailCellTableViewCell.m in Sources */,
				BCF6A96D1D8142220001E62D /* InterestPointViewController.m in Sources */,
				BCD1523A1D86D2D700932F1F /* User.m in Sources */,
				BC7B58C31DA2A42B000469E3 /* ShowDetailView.m in Sources */,
				BCB514471D81009600A29769 /* CitysModel.m in Sources */,
				BCB514091D7E8B9F00A29769 /* UIImage+LoadImg.m in Sources */,
				BCB5142F1D801B9400A29769 /* MeSettingCollectionViewCell.m in Sources */,
				BCB514441D80FAD100A29769 /* ChangeCityTableViewCell.m in Sources */,
				BC7B58661DA00AC1000469E3 /* HotCity.m in Sources */,
			);
			runOnlyForDeploymentPostprocessing = 0;
		};
/* End PBXSourcesBuildPhase section */

/* Begin PBXVariantGroup section */
		BC3F16CF1D72EC5C0002A97B /* Main.storyboard */ = {
			isa = PBXVariantGroup;
			children = (
				BC3F16D01D72EC5C0002A97B /* Base */,
			);
			name = Main.storyboard;
			sourceTree = "<group>";
		};
		BC3F16D41D72EC5C0002A97B /* LaunchScreen.storyboard */ = {
			isa = PBXVariantGroup;
			children = (
				BC3F16D51D72EC5C0002A97B /* Base */,
			);
			name = LaunchScreen.storyboard;
			sourceTree = "<group>";
		};
/* End PBXVariantGroup section */

/* Begin XCBuildConfiguration section */
		BC3F16D81D72EC5C0002A97B /* Debug */ = {
			isa = XCBuildConfiguration;
			buildSettings = {
				ALWAYS_SEARCH_USER_PATHS = NO;
				CLANG_ANALYZER_NONNULL = YES;
				CLANG_CXX_LANGUAGE_STANDARD = "gnu++0x";
				CLANG_CXX_LIBRARY = "libc++";
				CLANG_ENABLE_MODULES = YES;
				CLANG_ENABLE_OBJC_ARC = YES;
				CLANG_WARN_BOOL_CONVERSION = YES;
				CLANG_WARN_CONSTANT_CONVERSION = YES;
				CLANG_WARN_DIRECT_OBJC_ISA_USAGE = YES_ERROR;
				CLANG_WARN_EMPTY_BODY = YES;
				CLANG_WARN_ENUM_CONVERSION = YES;
				CLANG_WARN_INT_CONVERSION = YES;
				CLANG_WARN_OBJC_ROOT_CLASS = YES_ERROR;
				CLANG_WARN_UNREACHABLE_CODE = YES;
				CLANG_WARN__DUPLICATE_METHOD_MATCH = YES;
				CODE_SIGN_IDENTITY = "iPhone Distribution: DuanChongchong China Henan province (P28THB67HH)";
				"CODE_SIGN_IDENTITY[sdk=iphoneos*]" = "iPhone Distribution: DuanChongchong China Henan province (P28THB67HH)";
				COPY_PHASE_STRIP = NO;
				DEBUG_INFORMATION_FORMAT = dwarf;
				ENABLE_BITCODE = NO;
				ENABLE_STRICT_OBJC_MSGSEND = YES;
				ENABLE_TESTABILITY = YES;
				GCC_C_LANGUAGE_STANDARD = gnu99;
				GCC_DYNAMIC_NO_PIC = NO;
				GCC_NO_COMMON_BLOCKS = YES;
				GCC_OPTIMIZATION_LEVEL = 0;
				GCC_PREPROCESSOR_DEFINITIONS = (
					"DEBUG=1",
					"$(inherited)",
				);
				GCC_WARN_64_TO_32_BIT_CONVERSION = YES;
				GCC_WARN_ABOUT_RETURN_TYPE = YES_ERROR;
				GCC_WARN_UNDECLARED_SELECTOR = YES;
				GCC_WARN_UNINITIALIZED_AUTOS = YES_AGGRESSIVE;
				GCC_WARN_UNUSED_FUNCTION = YES;
				GCC_WARN_UNUSED_VARIABLE = YES;
				IPHONEOS_DEPLOYMENT_TARGET = 9.3;
				MTL_ENABLE_DEBUG_INFO = YES;
				ONLY_ACTIVE_ARCH = YES;
				PROVISIONING_PROFILE = "710cd460-54c3-4f69-b72d-250f417e68b9";
				SDKROOT = iphoneos;
			};
			name = Debug;
		};
		BC3F16D91D72EC5C0002A97B /* Release */ = {
			isa = XCBuildConfiguration;
			buildSettings = {
				ALWAYS_SEARCH_USER_PATHS = NO;
				CLANG_ANALYZER_NONNULL = YES;
				CLANG_CXX_LANGUAGE_STANDARD = "gnu++0x";
				CLANG_CXX_LIBRARY = "libc++";
				CLANG_ENABLE_MODULES = YES;
				CLANG_ENABLE_OBJC_ARC = YES;
				CLANG_WARN_BOOL_CONVERSION = YES;
				CLANG_WARN_CONSTANT_CONVERSION = YES;
				CLANG_WARN_DIRECT_OBJC_ISA_USAGE = YES_ERROR;
				CLANG_WARN_EMPTY_BODY = YES;
				CLANG_WARN_ENUM_CONVERSION = YES;
				CLANG_WARN_INT_CONVERSION = YES;
				CLANG_WARN_OBJC_ROOT_CLASS = YES_ERROR;
				CLANG_WARN_UNREACHABLE_CODE = YES;
				CLANG_WARN__DUPLICATE_METHOD_MATCH = YES;
				CODE_SIGN_IDENTITY = "iPhone Distribution: DuanChongchong China Henan province (P28THB67HH)";
				"CODE_SIGN_IDENTITY[sdk=iphoneos*]" = "iPhone Distribution: DuanChongchong China Henan province (P28THB67HH)";
				COPY_PHASE_STRIP = NO;
				DEBUG_INFORMATION_FORMAT = "dwarf-with-dsym";
				ENABLE_BITCODE = NO;
				ENABLE_NS_ASSERTIONS = NO;
				ENABLE_STRICT_OBJC_MSGSEND = YES;
				GCC_C_LANGUAGE_STANDARD = gnu99;
				GCC_NO_COMMON_BLOCKS = YES;
				GCC_WARN_64_TO_32_BIT_CONVERSION = YES;
				GCC_WARN_ABOUT_RETURN_TYPE = YES_ERROR;
				GCC_WARN_UNDECLARED_SELECTOR = YES;
				GCC_WARN_UNINITIALIZED_AUTOS = YES_AGGRESSIVE;
				GCC_WARN_UNUSED_FUNCTION = YES;
				GCC_WARN_UNUSED_VARIABLE = YES;
				IPHONEOS_DEPLOYMENT_TARGET = 9.3;
				MTL_ENABLE_DEBUG_INFO = NO;
				PROVISIONING_PROFILE = "710cd460-54c3-4f69-b72d-250f417e68b9";
				SDKROOT = iphoneos;
				VALIDATE_PRODUCT = YES;
			};
			name = Release;
		};
		BC3F16DB1D72EC5C0002A97B /* Debug */ = {
			isa = XCBuildConfiguration;
			baseConfigurationReference = 61352DDE434E39175B940C68 /* Pods-LanRenWeekendApp.debug.xcconfig */;
			buildSettings = {
				ASSETCATALOG_COMPILER_APPICON_NAME = AppIcon;
				ASSETCATALOG_COMPILER_LAUNCHIMAGE_NAME = LaunchImage;
				CODE_SIGN_IDENTITY = "iPhone Distribution: DuanChongchong China Henan province (P28THB67HH)";
				"CODE_SIGN_IDENTITY[sdk=iphoneos*]" = "iPhone Distribution: DuanChongchong China Henan province (P28THB67HH)";
				ENABLE_BITCODE = NO;
				FRAMEWORK_SEARCH_PATHS = (
					"$(inherited)",
					"$(PROJECT_DIR)/ShareSDK",
					"$(PROJECT_DIR)/ShareSDK/Support/Optional",
					"$(PROJECT_DIR)/ShareSDK/Support/PlatformSDK/QQSDK",
					"$(PROJECT_DIR)/ShareSDK/Support/Required",
				);
				GCC_PREFIX_HEADER = "LanRenWeekendApp/工具类/PrefixHeader.pch";
				INFOPLIST_FILE = LanRenWeekendApp/Info.plist;
				LD_RUNPATH_SEARCH_PATHS = "$(inherited) @executable_path/Frameworks";
				LIBRARY_SEARCH_PATHS = (
					"$(inherited)",
					"$(PROJECT_DIR)/ShareSDK/Support/PlatformSDK/SinaWeiboSDK",
					"$(PROJECT_DIR)/ShareSDK/Support/PlatformSDK/WeChatSDK",
				);
				PRODUCT_BUNDLE_IDENTIFIER = com.ben.LanRenWeekendApp;
				PRODUCT_NAME = "$(TARGET_NAME)";
				PROVISIONING_PROFILE = "710cd460-54c3-4f69-b72d-250f417e68b9";
			};
			name = Debug;
		};
		BC3F16DC1D72EC5C0002A97B /* Release */ = {
			isa = XCBuildConfiguration;
			baseConfigurationReference = 3669FE5B0045E6C7B01B9490 /* Pods-LanRenWeekendApp.release.xcconfig */;
			buildSettings = {
				ASSETCATALOG_COMPILER_APPICON_NAME = AppIcon;
				ASSETCATALOG_COMPILER_LAUNCHIMAGE_NAME = LaunchImage;
				CODE_SIGN_IDENTITY = "iPhone Distribution: DuanChongchong China Henan province (P28THB67HH)";
				"CODE_SIGN_IDENTITY[sdk=iphoneos*]" = "iPhone Distribution: DuanChongchong China Henan province (P28THB67HH)";
				ENABLE_BITCODE = NO;
				FRAMEWORK_SEARCH_PATHS = (
					"$(inherited)",
					"$(PROJECT_DIR)/ShareSDK",
					"$(PROJECT_DIR)/ShareSDK/Support/Optional",
					"$(PROJECT_DIR)/ShareSDK/Support/PlatformSDK/QQSDK",
					"$(PROJECT_DIR)/ShareSDK/Support/Required",
				);
				GCC_PREFIX_HEADER = "LanRenWeekendApp/工具类/PrefixHeader.pch";
				INFOPLIST_FILE = LanRenWeekendApp/Info.plist;
				LD_RUNPATH_SEARCH_PATHS = "$(inherited) @executable_path/Frameworks";
				LIBRARY_SEARCH_PATHS = (
					"$(inherited)",
					"$(PROJECT_DIR)/ShareSDK/Support/PlatformSDK/SinaWeiboSDK",
					"$(PROJECT_DIR)/ShareSDK/Support/PlatformSDK/WeChatSDK",
				);
				PRODUCT_BUNDLE_IDENTIFIER = com.ben.LanRenWeekendApp;
				PRODUCT_NAME = "$(TARGET_NAME)";
				PROVISIONING_PROFILE = "710cd460-54c3-4f69-b72d-250f417e68b9";
			};
			name = Release;
		};
/* End XCBuildConfiguration section */

/* Begin XCConfigurationList section */
		BC3F16BE1D72EC5C0002A97B /* Build configuration list for PBXProject "LanRenWeekendApp" */ = {
			isa = XCConfigurationList;
			buildConfigurations = (
				BC3F16D81D72EC5C0002A97B /* Debug */,
				BC3F16D91D72EC5C0002A97B /* Release */,
			);
			defaultConfigurationIsVisible = 0;
			defaultConfigurationName = Release;
		};
		BC3F16DA1D72EC5C0002A97B /* Build configuration list for PBXNativeTarget "LanRenWeekendApp" */ = {
			isa = XCConfigurationList;
			buildConfigurations = (
				BC3F16DB1D72EC5C0002A97B /* Debug */,
				BC3F16DC1D72EC5C0002A97B /* Release */,
			);
			defaultConfigurationIsVisible = 0;
			defaultConfigurationName = Release;
		};
/* End XCConfigurationList section */
	};
	rootObject = BC3F16BB1D72EC5C0002A97B /* Project object */;
}
